// !$*UTF8*$!
{
	archiveVersion = 1;
	classes = {
	};
	objectVersion = 46;
	objects = {

/* Begin PBXBuildFile section */
		94E0FC3F1BD7FC3600A3C537 /* AppDelegate.swift in Sources */ = {isa = PBXBuildFile; fileRef = 94E0FC3E1BD7FC3600A3C537 /* AppDelegate.swift */; };
		94E0FC411BD7FC3600A3C537 /* ViewControllerMain.swift in Sources */ = {isa = PBXBuildFile; fileRef = 94E0FC401BD7FC3600A3C537 /* ViewControllerMain.swift */; };
		94E0FC431BD7FC3600A3C537 /* Assets.xcassets in Resources */ = {isa = PBXBuildFile; fileRef = 94E0FC421BD7FC3600A3C537 /* Assets.xcassets */; };
		94E0FC461BD7FC3600A3C537 /* Main.storyboard in Resources */ = {isa = PBXBuildFile; fileRef = 94E0FC441BD7FC3600A3C537 /* Main.storyboard */; };
		94E0FC4E1BD7FCBE00A3C537 /* EventMonitor.swift in Sources */ = {isa = PBXBuildFile; fileRef = 94E0FC4D1BD7FCBE00A3C537 /* EventMonitor.swift */; };
		E90BFDC8202D989D004AE4EC /* ytcpsocket.c in Sources */ = {isa = PBXBuildFile; fileRef = E90BFDC3202D989D004AE4EC /* ytcpsocket.c */; };
		E90BFDC9202D989D004AE4EC /* yudpsocket.swift in Sources */ = {isa = PBXBuildFile; fileRef = E90BFDC4202D989D004AE4EC /* yudpsocket.swift */; };
		E90BFDCA202D989D004AE4EC /* yudpsocket.c in Sources */ = {isa = PBXBuildFile; fileRef = E90BFDC5202D989D004AE4EC /* yudpsocket.c */; };
		E90BFDCB202D989D004AE4EC /* ytcpsocket.swift in Sources */ = {isa = PBXBuildFile; fileRef = E90BFDC6202D989D004AE4EC /* ytcpsocket.swift */; };
		E90BFDCC202D989D004AE4EC /* ysocket.swift in Sources */ = {isa = PBXBuildFile; fileRef = E90BFDC7202D989D004AE4EC /* ysocket.swift */; };
		E91C5DBF2026F8FA00FE7E76 /* ScheduleSortedAndExpanded.swift in Sources */ = {isa = PBXBuildFile; fileRef = E91C5DBB2026F8F900FE7E76 /* ScheduleSortedAndExpanded.swift */; };
		E91C5DC02026F8FA00FE7E76 /* Schedules.swift in Sources */ = {isa = PBXBuildFile; fileRef = E91C5DBC2026F8F900FE7E76 /* Schedules.swift */; };
		E91C5DC12026F8FA00FE7E76 /* ScheduleWriteLoggData.swift in Sources */ = {isa = PBXBuildFile; fileRef = E91C5DBD2026F8F900FE7E76 /* ScheduleWriteLoggData.swift */; };
		E91C5DC22026F8FA00FE7E76 /* ScheduleOperationDispatch.swift in Sources */ = {isa = PBXBuildFile; fileRef = E91C5DBE2026F8F900FE7E76 /* ScheduleOperationDispatch.swift */; };
		E91C5DC52026FAFB00FE7E76 /* ExecuteTaskDispatch.swift in Sources */ = {isa = PBXBuildFile; fileRef = E91C5DC42026FAFB00FE7E76 /* ExecuteTaskDispatch.swift */; };
		E91C5DC72026FB3500FE7E76 /* ProcessCmd.swift in Sources */ = {isa = PBXBuildFile; fileRef = E91C5DC62026FB3500FE7E76 /* ProcessCmd.swift */; };
		E91C5DC92026FCF300FE7E76 /* OperationFactory.swift in Sources */ = {isa = PBXBuildFile; fileRef = E91C5DC82026FCF200FE7E76 /* OperationFactory.swift */; };
		E91C5DCB2026FE4200FE7E76 /* PersistentStorageScheduling.swift in Sources */ = {isa = PBXBuildFile; fileRef = E91C5DCA2026FE4200FE7E76 /* PersistentStorageScheduling.swift */; };
		E91C5DCD2026FFD200FE7E76 /* ConfigurationSchedule.swift in Sources */ = {isa = PBXBuildFile; fileRef = E91C5DCC2026FFD200FE7E76 /* ConfigurationSchedule.swift */; };
		E91C5DCF202705E800FE7E76 /* RsyncScheduled.swift in Sources */ = {isa = PBXBuildFile; fileRef = E91C5DCE202705E700FE7E76 /* RsyncScheduled.swift */; };
		E9415402202F6E0C00BCE8A1 /* ViewControllerLog.swift in Sources */ = {isa = PBXBuildFile; fileRef = E9415401202F6E0C00BCE8A1 /* ViewControllerLog.swift */; };
		E946CDBD20279A85005BF6E9 /* Userconfiguration.swift in Sources */ = {isa = PBXBuildFile; fileRef = E946CDBC20279A85005BF6E9 /* Userconfiguration.swift */; };
		E95548012035F4CD00D2E713 /* ExecuteTaskTimer.swift in Sources */ = {isa = PBXBuildFile; fileRef = E95547FF2035F4CD00D2E713 /* ExecuteTaskTimer.swift */; };
		E95548022035F4CD00D2E713 /* ScheduleOperationTimer.swift in Sources */ = {isa = PBXBuildFile; fileRef = E95548002035F4CD00D2E713 /* ScheduleOperationTimer.swift */; };
		E98398AE20260E9D00C977C3 /* Configuration.swift in Sources */ = {isa = PBXBuildFile; fileRef = E98398AC20260E9D00C977C3 /* Configuration.swift */; };
		E98398AF20260E9D00C977C3 /* Configurations.swift in Sources */ = {isa = PBXBuildFile; fileRef = E98398AD20260E9D00C977C3 /* Configurations.swift */; };
		E98BB14B202763B40078DF8E /* Numbers.swift in Sources */ = {isa = PBXBuildFile; fileRef = E98BB14A202763B40078DF8E /* Numbers.swift */; };
		E9A63066202B4DE900F1FFF1 /* Running.swift in Sources */ = {isa = PBXBuildFile; fileRef = E9A63065202B4DE900F1FFF1 /* Running.swift */; };
		E9F54D752026D5D500A664CF /* ArgumentsOneConfiguration.swift in Sources */ = {isa = PBXBuildFile; fileRef = E9F54D742026D5D500A664CF /* ArgumentsOneConfiguration.swift */; };
		E9F54D772026D62000A664CF /* Tools.swift in Sources */ = {isa = PBXBuildFile; fileRef = E9F54D762026D61F00A664CF /* Tools.swift */; };
		E9F54D792026D68D00A664CF /* ViewControllerReference.swift in Sources */ = {isa = PBXBuildFile; fileRef = E9F54D782026D68D00A664CF /* ViewControllerReference.swift */; };
		E9F54D7B2026D7D400A664CF /* RsyncParametersProcess.swift in Sources */ = {isa = PBXBuildFile; fileRef = E9F54D7A2026D7D400A664CF /* RsyncParametersProcess.swift */; };
		E9F54D7D2026D83500A664CF /* CompleteScheduledOperation.swift in Sources */ = {isa = PBXBuildFile; fileRef = E9F54D7C2026D83500A664CF /* CompleteScheduledOperation.swift */; };
		E9F54D7F2026DA8B00A664CF /* OutputProcess.swift in Sources */ = {isa = PBXBuildFile; fileRef = E9F54D7E2026DA8A00A664CF /* OutputProcess.swift */; };
		E9F54D812026DAFD00A664CF /* PersistentStorageAPI.swift in Sources */ = {isa = PBXBuildFile; fileRef = E9F54D802026DAFD00A664CF /* PersistentStorageAPI.swift */; };
		E9F54D832026DBD700A664CF /* PersistentStorageConfiguration.swift in Sources */ = {isa = PBXBuildFile; fileRef = E9F54D822026DBD600A664CF /* PersistentStorageConfiguration.swift */; };
		E9F54D852026DC5D00A664CF /* Readwritefiles.swift in Sources */ = {isa = PBXBuildFile; fileRef = E9F54D842026DC5D00A664CF /* Readwritefiles.swift */; };
		E9F54D872026DCC800A664CF /* Profiles.swift in Sources */ = {isa = PBXBuildFile; fileRef = E9F54D862026DCC800A664CF /* Profiles.swift */; };
		E9F54D892026DCCF00A664CF /* Files.swift in Sources */ = {isa = PBXBuildFile; fileRef = E9F54D882026DCCF00A664CF /* Files.swift */; };
		E9F54D8B2026DED600A664CF /* PersistentStorageUserconfiguration.swift in Sources */ = {isa = PBXBuildFile; fileRef = E9F54D8A2026DED600A664CF /* PersistentStorageUserconfiguration.swift */; };
/* End PBXBuildFile section */

/* Begin PBXFileReference section */
		94E0FC3B1BD7FC3600A3C537 /* RsyncOSXsched.app */ = {isa = PBXFileReference; explicitFileType = wrapper.application; includeInIndex = 0; path = RsyncOSXsched.app; sourceTree = BUILT_PRODUCTS_DIR; };
		94E0FC3E1BD7FC3600A3C537 /* AppDelegate.swift */ = {isa = PBXFileReference; lastKnownFileType = sourcecode.swift; path = AppDelegate.swift; sourceTree = "<group>"; };
		94E0FC401BD7FC3600A3C537 /* ViewControllerMain.swift */ = {isa = PBXFileReference; lastKnownFileType = sourcecode.swift; path = ViewControllerMain.swift; sourceTree = "<group>"; };
		94E0FC421BD7FC3600A3C537 /* Assets.xcassets */ = {isa = PBXFileReference; lastKnownFileType = folder.assetcatalog; path = Assets.xcassets; sourceTree = "<group>"; };
		94E0FC451BD7FC3600A3C537 /* Base */ = {isa = PBXFileReference; lastKnownFileType = file.storyboard; name = Base; path = Base.lproj/Main.storyboard; sourceTree = "<group>"; };
		94E0FC471BD7FC3600A3C537 /* Info.plist */ = {isa = PBXFileReference; lastKnownFileType = text.plist.xml; path = Info.plist; sourceTree = "<group>"; };
		94E0FC4D1BD7FCBE00A3C537 /* EventMonitor.swift */ = {isa = PBXFileReference; fileEncoding = 4; lastKnownFileType = sourcecode.swift; path = EventMonitor.swift; sourceTree = "<group>"; };
		E90BFDC2202D989C004AE4EC /* RsyncOSXsched-Bridging-Header.h */ = {isa = PBXFileReference; lastKnownFileType = sourcecode.c.h; path = "RsyncOSXsched-Bridging-Header.h"; sourceTree = "<group>"; };
		E90BFDC3202D989D004AE4EC /* ytcpsocket.c */ = {isa = PBXFileReference; fileEncoding = 4; lastKnownFileType = sourcecode.c.c; name = ytcpsocket.c; path = Model/ydpsoket/ytcpsocket.c; sourceTree = SOURCE_ROOT; };
		E90BFDC4202D989D004AE4EC /* yudpsocket.swift */ = {isa = PBXFileReference; fileEncoding = 4; lastKnownFileType = sourcecode.swift; name = yudpsocket.swift; path = Model/ydpsoket/yudpsocket.swift; sourceTree = SOURCE_ROOT; };
		E90BFDC5202D989D004AE4EC /* yudpsocket.c */ = {isa = PBXFileReference; fileEncoding = 4; lastKnownFileType = sourcecode.c.c; name = yudpsocket.c; path = Model/ydpsoket/yudpsocket.c; sourceTree = SOURCE_ROOT; };
		E90BFDC6202D989D004AE4EC /* ytcpsocket.swift */ = {isa = PBXFileReference; fileEncoding = 4; lastKnownFileType = sourcecode.swift; name = ytcpsocket.swift; path = Model/ydpsoket/ytcpsocket.swift; sourceTree = SOURCE_ROOT; };
		E90BFDC7202D989D004AE4EC /* ysocket.swift */ = {isa = PBXFileReference; fileEncoding = 4; lastKnownFileType = sourcecode.swift; name = ysocket.swift; path = Model/ydpsoket/ysocket.swift; sourceTree = SOURCE_ROOT; };
		E91C5DBB2026F8F900FE7E76 /* ScheduleSortedAndExpanded.swift */ = {isa = PBXFileReference; fileEncoding = 4; lastKnownFileType = sourcecode.swift; path = ScheduleSortedAndExpanded.swift; sourceTree = "<group>"; };
		E91C5DBC2026F8F900FE7E76 /* Schedules.swift */ = {isa = PBXFileReference; fileEncoding = 4; lastKnownFileType = sourcecode.swift; path = Schedules.swift; sourceTree = "<group>"; };
		E91C5DBD2026F8F900FE7E76 /* ScheduleWriteLoggData.swift */ = {isa = PBXFileReference; fileEncoding = 4; lastKnownFileType = sourcecode.swift; path = ScheduleWriteLoggData.swift; sourceTree = "<group>"; };
		E91C5DBE2026F8F900FE7E76 /* ScheduleOperationDispatch.swift */ = {isa = PBXFileReference; fileEncoding = 4; lastKnownFileType = sourcecode.swift; path = ScheduleOperationDispatch.swift; sourceTree = "<group>"; };
		E91C5DC42026FAFB00FE7E76 /* ExecuteTaskDispatch.swift */ = {isa = PBXFileReference; fileEncoding = 4; lastKnownFileType = sourcecode.swift; path = ExecuteTaskDispatch.swift; sourceTree = "<group>"; };
		E91C5DC62026FB3500FE7E76 /* ProcessCmd.swift */ = {isa = PBXFileReference; fileEncoding = 4; lastKnownFileType = sourcecode.swift; path = ProcessCmd.swift; sourceTree = "<group>"; };
		E91C5DC82026FCF200FE7E76 /* OperationFactory.swift */ = {isa = PBXFileReference; fileEncoding = 4; lastKnownFileType = sourcecode.swift; path = OperationFactory.swift; sourceTree = "<group>"; };
		E91C5DCA2026FE4200FE7E76 /* PersistentStorageScheduling.swift */ = {isa = PBXFileReference; fileEncoding = 4; lastKnownFileType = sourcecode.swift; path = PersistentStorageScheduling.swift; sourceTree = "<group>"; };
		E91C5DCC2026FFD200FE7E76 /* ConfigurationSchedule.swift */ = {isa = PBXFileReference; fileEncoding = 4; lastKnownFileType = sourcecode.swift; path = ConfigurationSchedule.swift; sourceTree = "<group>"; };
		E91C5DCE202705E700FE7E76 /* RsyncScheduled.swift */ = {isa = PBXFileReference; fileEncoding = 4; lastKnownFileType = sourcecode.swift; path = RsyncScheduled.swift; sourceTree = "<group>"; };
		E9415401202F6E0C00BCE8A1 /* ViewControllerLog.swift */ = {isa = PBXFileReference; lastKnownFileType = sourcecode.swift; path = ViewControllerLog.swift; sourceTree = "<group>"; };
		E946CDBC20279A85005BF6E9 /* Userconfiguration.swift */ = {isa = PBXFileReference; fileEncoding = 4; lastKnownFileType = sourcecode.swift; path = Userconfiguration.swift; sourceTree = "<group>"; };
		E95547FF2035F4CD00D2E713 /* ExecuteTaskTimer.swift */ = {isa = PBXFileReference; fileEncoding = 4; lastKnownFileType = sourcecode.swift; path = ExecuteTaskTimer.swift; sourceTree = "<group>"; };
		E95548002035F4CD00D2E713 /* ScheduleOperationTimer.swift */ = {isa = PBXFileReference; fileEncoding = 4; lastKnownFileType = sourcecode.swift; path = ScheduleOperationTimer.swift; sourceTree = "<group>"; };
		E98398AC20260E9D00C977C3 /* Configuration.swift */ = {isa = PBXFileReference; fileEncoding = 4; lastKnownFileType = sourcecode.swift; path = Configuration.swift; sourceTree = "<group>"; };
		E98398AD20260E9D00C977C3 /* Configurations.swift */ = {isa = PBXFileReference; fileEncoding = 4; lastKnownFileType = sourcecode.swift; path = Configurations.swift; sourceTree = "<group>"; };
		E98BB14A202763B40078DF8E /* Numbers.swift */ = {isa = PBXFileReference; fileEncoding = 4; lastKnownFileType = sourcecode.swift; path = Numbers.swift; sourceTree = "<group>"; };
		E9A63065202B4DE900F1FFF1 /* Running.swift */ = {isa = PBXFileReference; lastKnownFileType = sourcecode.swift; path = Running.swift; sourceTree = "<group>"; };
		E9F54D742026D5D500A664CF /* ArgumentsOneConfiguration.swift */ = {isa = PBXFileReference; fileEncoding = 4; lastKnownFileType = sourcecode.swift; path = ArgumentsOneConfiguration.swift; sourceTree = "<group>"; };
		E9F54D762026D61F00A664CF /* Tools.swift */ = {isa = PBXFileReference; fileEncoding = 4; lastKnownFileType = sourcecode.swift; path = Tools.swift; sourceTree = "<group>"; };
		E9F54D782026D68D00A664CF /* ViewControllerReference.swift */ = {isa = PBXFileReference; fileEncoding = 4; lastKnownFileType = sourcecode.swift; path = ViewControllerReference.swift; sourceTree = "<group>"; };
		E9F54D7A2026D7D400A664CF /* RsyncParametersProcess.swift */ = {isa = PBXFileReference; fileEncoding = 4; lastKnownFileType = sourcecode.swift; path = RsyncParametersProcess.swift; sourceTree = "<group>"; };
		E9F54D7C2026D83500A664CF /* CompleteScheduledOperation.swift */ = {isa = PBXFileReference; fileEncoding = 4; lastKnownFileType = sourcecode.swift; path = CompleteScheduledOperation.swift; sourceTree = "<group>"; };
		E9F54D7E2026DA8A00A664CF /* OutputProcess.swift */ = {isa = PBXFileReference; fileEncoding = 4; lastKnownFileType = sourcecode.swift; path = OutputProcess.swift; sourceTree = "<group>"; };
		E9F54D802026DAFD00A664CF /* PersistentStorageAPI.swift */ = {isa = PBXFileReference; fileEncoding = 4; lastKnownFileType = sourcecode.swift; path = PersistentStorageAPI.swift; sourceTree = "<group>"; };
		E9F54D822026DBD600A664CF /* PersistentStorageConfiguration.swift */ = {isa = PBXFileReference; fileEncoding = 4; lastKnownFileType = sourcecode.swift; path = PersistentStorageConfiguration.swift; sourceTree = "<group>"; };
		E9F54D842026DC5D00A664CF /* Readwritefiles.swift */ = {isa = PBXFileReference; fileEncoding = 4; lastKnownFileType = sourcecode.swift; path = Readwritefiles.swift; sourceTree = "<group>"; };
		E9F54D862026DCC800A664CF /* Profiles.swift */ = {isa = PBXFileReference; fileEncoding = 4; lastKnownFileType = sourcecode.swift; path = Profiles.swift; sourceTree = "<group>"; };
		E9F54D882026DCCF00A664CF /* Files.swift */ = {isa = PBXFileReference; fileEncoding = 4; lastKnownFileType = sourcecode.swift; path = Files.swift; sourceTree = "<group>"; };
		E9F54D8A2026DED600A664CF /* PersistentStorageUserconfiguration.swift */ = {isa = PBXFileReference; fileEncoding = 4; lastKnownFileType = sourcecode.swift; path = PersistentStorageUserconfiguration.swift; sourceTree = "<group>"; };
/* End PBXFileReference section */

/* Begin PBXFrameworksBuildPhase section */
		94E0FC381BD7FC3600A3C537 /* Frameworks */ = {
			isa = PBXFrameworksBuildPhase;
			buildActionMask = 2147483647;
			files = (
			);
			runOnlyForDeploymentPostprocessing = 0;
		};
/* End PBXFrameworksBuildPhase section */

/* Begin PBXGroup section */
		94E0FC321BD7FC3600A3C537 = {
			isa = PBXGroup;
			children = (
				E946B4ED2030159500B929ED /* Menuapp */,
				E95AB5602028506000D77CDE /* RsyncOSXsched */,
				E97983B3202878B9003ADB25 /* ViewController */,
				E98398A720260D0300C977C3 /* Model */,
				94E0FC3C1BD7FC3600A3C537 /* Products */,
			);
			sourceTree = "<group>";
		};
		94E0FC3C1BD7FC3600A3C537 /* Products */ = {
			isa = PBXGroup;
			children = (
				94E0FC3B1BD7FC3600A3C537 /* RsyncOSXsched.app */,
			);
			name = Products;
			sourceTree = "<group>";
		};
		E90BFDC1202D9858004AE4EC /* ydpsocket */ = {
			isa = PBXGroup;
			children = (
				E90BFDC7202D989D004AE4EC /* ysocket.swift */,
				E90BFDC3202D989D004AE4EC /* ytcpsocket.c */,
				E90BFDC6202D989D004AE4EC /* ytcpsocket.swift */,
				E90BFDC5202D989D004AE4EC /* yudpsocket.c */,
				E90BFDC4202D989D004AE4EC /* yudpsocket.swift */,
				E90BFDC2202D989C004AE4EC /* RsyncOSXsched-Bridging-Header.h */,
			);
			name = ydpsocket;
			path = "New Group";
			sourceTree = "<group>";
		};
		E91C5DBA2026F80C00FE7E76 /* Schedules */ = {
			isa = PBXGroup;
			children = (
				E91C5DCC2026FFD200FE7E76 /* ConfigurationSchedule.swift */,
				E91C5DBC2026F8F900FE7E76 /* Schedules.swift */,
				E91C5DBB2026F8F900FE7E76 /* ScheduleSortedAndExpanded.swift */,
				E91C5DBD2026F8F900FE7E76 /* ScheduleWriteLoggData.swift */,
			);
			path = Schedules;
			sourceTree = "<group>";
		};
		E91C5DC32026FACF00FE7E76 /* Operation */ = {
			isa = PBXGroup;
			children = (
				E91C5DCE202705E700FE7E76 /* RsyncScheduled.swift */,
				E91C5DBE2026F8F900FE7E76 /* ScheduleOperationDispatch.swift */,
				E95547FF2035F4CD00D2E713 /* ExecuteTaskTimer.swift */,
				E95548002035F4CD00D2E713 /* ScheduleOperationTimer.swift */,
				E91C5DC42026FAFB00FE7E76 /* ExecuteTaskDispatch.swift */,
				E91C5DC82026FCF200FE7E76 /* OperationFactory.swift */,
				E91C5DC62026FB3500FE7E76 /* ProcessCmd.swift */,
			);
			path = Operation;
			sourceTree = "<group>";
		};
		E93A7EF92026EA5300D61258 /* Configurations */ = {
			isa = PBXGroup;
			children = (
				E9F54D7A2026D7D400A664CF /* RsyncParametersProcess.swift */,
				E9F54D742026D5D500A664CF /* ArgumentsOneConfiguration.swift */,
				E98398AD20260E9D00C977C3 /* Configurations.swift */,
				E98398AC20260E9D00C977C3 /* Configuration.swift */,
			);
			path = Configurations;
			sourceTree = "<group>";
		};
		E93A7EFA2026EA7C00D61258 /* Storage */ = {
			isa = PBXGroup;
			children = (
				E91C5DCA2026FE4200FE7E76 /* PersistentStorageScheduling.swift */,
				E9F54D8A2026DED600A664CF /* PersistentStorageUserconfiguration.swift */,
				E9F54D822026DBD600A664CF /* PersistentStorageConfiguration.swift */,
				E9F54D802026DAFD00A664CF /* PersistentStorageAPI.swift */,
			);
			path = Storage;
			sourceTree = "<group>";
		};
		E93A7EFB2026ECB100D61258 /* Output */ = {
			isa = PBXGroup;
			children = (
				E9F54D7E2026DA8A00A664CF /* OutputProcess.swift */,
			);
			path = Output;
			sourceTree = "<group>";
		};
		E93A7EFC2026ECC800D61258 /* Fileoperations */ = {
			isa = PBXGroup;
			children = (
				E9F54D862026DCC800A664CF /* Profiles.swift */,
				E9F54D882026DCCF00A664CF /* Files.swift */,
				E9F54D842026DC5D00A664CF /* Readwritefiles.swift */,
			);
			path = Fileoperations;
			sourceTree = "<group>";
		};
		E93A7EFD2026ED0000D61258 /* Tools */ = {
			isa = PBXGroup;
			children = (
				E98BB14A202763B40078DF8E /* Numbers.swift */,
				E9F54D762026D61F00A664CF /* Tools.swift */,
				E9A63065202B4DE900F1FFF1 /* Running.swift */,
			);
			path = Tools;
			sourceTree = "<group>";
		};
		E93A7EFE2026ED3100D61258 /* Reference */ = {
			isa = PBXGroup;
			children = (
				E9F54D782026D68D00A664CF /* ViewControllerReference.swift */,
			);
			path = Reference;
			sourceTree = "<group>";
		};
		E93A7EFF2026ED4300D61258 /* CompleteOperation */ = {
			isa = PBXGroup;
			children = (
				E9F54D7C2026D83500A664CF /* CompleteScheduledOperation.swift */,
			);
			path = CompleteOperation;
			sourceTree = "<group>";
		};
		E946B4ED2030159500B929ED /* Menuapp */ = {
			isa = PBXGroup;
			children = (
				94E0FC3E1BD7FC3600A3C537 /* AppDelegate.swift */,
				94E0FC4D1BD7FCBE00A3C537 /* EventMonitor.swift */,
			);
			path = Menuapp;
			sourceTree = "<group>";
		};
		E946CDBB20279A3C005BF6E9 /* User */ = {
			isa = PBXGroup;
			children = (
				E946CDBC20279A85005BF6E9 /* Userconfiguration.swift */,
			);
			path = User;
			sourceTree = "<group>";
		};
		E95AB5602028506000D77CDE /* RsyncOSXsched */ = {
			isa = PBXGroup;
			children = (
				94E0FC471BD7FC3600A3C537 /* Info.plist */,
				94E0FC441BD7FC3600A3C537 /* Main.storyboard */,
				94E0FC421BD7FC3600A3C537 /* Assets.xcassets */,
			);
			path = RsyncOSXsched;
			sourceTree = "<group>";
		};
		E97983B3202878B9003ADB25 /* ViewController */ = {
			isa = PBXGroup;
			children = (
				94E0FC401BD7FC3600A3C537 /* ViewControllerMain.swift */,
				E9415401202F6E0C00BCE8A1 /* ViewControllerLog.swift */,
			);
			path = ViewController;
			sourceTree = "<group>";
		};
		E98398A720260D0300C977C3 /* Model */ = {
			isa = PBXGroup;
			children = (
				E90BFDC1202D9858004AE4EC /* ydpsocket */,
				E946CDBB20279A3C005BF6E9 /* User */,
				E91C5DC32026FACF00FE7E76 /* Operation */,
				E91C5DBA2026F80C00FE7E76 /* Schedules */,
				E93A7EFF2026ED4300D61258 /* CompleteOperation */,
				E93A7EFE2026ED3100D61258 /* Reference */,
				E93A7EFD2026ED0000D61258 /* Tools */,
				E93A7EFC2026ECC800D61258 /* Fileoperations */,
				E93A7EFB2026ECB100D61258 /* Output */,
				E93A7EFA2026EA7C00D61258 /* Storage */,
				E93A7EF92026EA5300D61258 /* Configurations */,
			);
			path = Model;
			sourceTree = "<group>";
		};
/* End PBXGroup section */

/* Begin PBXNativeTarget section */
		94E0FC3A1BD7FC3600A3C537 /* RsyncOSXsched */ = {
			isa = PBXNativeTarget;
			buildConfigurationList = 94E0FC4A1BD7FC3600A3C537 /* Build configuration list for PBXNativeTarget "RsyncOSXsched" */;
			buildPhases = (
				94E0FC371BD7FC3600A3C537 /* Sources */,
				94E0FC381BD7FC3600A3C537 /* Frameworks */,
				94E0FC391BD7FC3600A3C537 /* Resources */,
			);
			buildRules = (
			);
			dependencies = (
			);
			name = RsyncOSXsched;
			productName = Popup;
			productReference = 94E0FC3B1BD7FC3600A3C537 /* RsyncOSXsched.app */;
			productType = "com.apple.product-type.application";
		};
/* End PBXNativeTarget section */

/* Begin PBXProject section */
		94E0FC331BD7FC3600A3C537 /* Project object */ = {
			isa = PBXProject;
			attributes = {
				LastUpgradeCheck = 0900;
				ORGANIZATIONNAME = Maxim;
				TargetAttributes = {
					94E0FC3A1BD7FC3600A3C537 = {
						CreatedOnToolsVersion = 7.0.1;
						DevelopmentTeam = 93M47F4H9T;
						LastSwiftMigration = 0920;
						ProvisioningStyle = Automatic;
					};
				};
			};
			buildConfigurationList = 94E0FC361BD7FC3600A3C537 /* Build configuration list for PBXProject "RsyncOSXsched" */;
			compatibilityVersion = "Xcode 3.2";
			developmentRegion = English;
			hasScannedForEncodings = 0;
			knownRegions = (
				en,
				Base,
			);
			mainGroup = 94E0FC321BD7FC3600A3C537;
			productRefGroup = 94E0FC3C1BD7FC3600A3C537 /* Products */;
			projectDirPath = "";
			projectRoot = "";
			targets = (
				94E0FC3A1BD7FC3600A3C537 /* RsyncOSXsched */,
			);
		};
/* End PBXProject section */

/* Begin PBXResourcesBuildPhase section */
		94E0FC391BD7FC3600A3C537 /* Resources */ = {
			isa = PBXResourcesBuildPhase;
			buildActionMask = 2147483647;
			files = (
				94E0FC431BD7FC3600A3C537 /* Assets.xcassets in Resources */,
				94E0FC461BD7FC3600A3C537 /* Main.storyboard in Resources */,
			);
			runOnlyForDeploymentPostprocessing = 0;
		};
/* End PBXResourcesBuildPhase section */

/* Begin PBXSourcesBuildPhase section */
		94E0FC371BD7FC3600A3C537 /* Sources */ = {
			isa = PBXSourcesBuildPhase;
			buildActionMask = 2147483647;
			files = (
				E91C5DBF2026F8FA00FE7E76 /* ScheduleSortedAndExpanded.swift in Sources */,
				E91C5DC72026FB3500FE7E76 /* ProcessCmd.swift in Sources */,
				E91C5DC02026F8FA00FE7E76 /* Schedules.swift in Sources */,
				94E0FC4E1BD7FCBE00A3C537 /* EventMonitor.swift in Sources */,
				E91C5DC22026F8FA00FE7E76 /* ScheduleOperationDispatch.swift in Sources */,
				E98398AF20260E9D00C977C3 /* Configurations.swift in Sources */,
				E90BFDC8202D989D004AE4EC /* ytcpsocket.c in Sources */,
				E9F54D7B2026D7D400A664CF /* RsyncParametersProcess.swift in Sources */,
				E91C5DC12026F8FA00FE7E76 /* ScheduleWriteLoggData.swift in Sources */,
				E9A63066202B4DE900F1FFF1 /* Running.swift in Sources */,
				E9F54D852026DC5D00A664CF /* Readwritefiles.swift in Sources */,
				E91C5DCF202705E800FE7E76 /* RsyncScheduled.swift in Sources */,
				E9F54D752026D5D500A664CF /* ArgumentsOneConfiguration.swift in Sources */,
				E91C5DC92026FCF300FE7E76 /* OperationFactory.swift in Sources */,
				E9F54D8B2026DED600A664CF /* PersistentStorageUserconfiguration.swift in Sources */,
				E946CDBD20279A85005BF6E9 /* Userconfiguration.swift in Sources */,
				E91C5DCB2026FE4200FE7E76 /* PersistentStorageScheduling.swift in Sources */,
				94E0FC411BD7FC3600A3C537 /* ViewControllerMain.swift in Sources */,
				E9F54D812026DAFD00A664CF /* PersistentStorageAPI.swift in Sources */,
				E90BFDCB202D989D004AE4EC /* ytcpsocket.swift in Sources */,
				E98BB14B202763B40078DF8E /* Numbers.swift in Sources */,
				E9F54D772026D62000A664CF /* Tools.swift in Sources */,
				E9415402202F6E0C00BCE8A1 /* ViewControllerLog.swift in Sources */,
				E9F54D7F2026DA8B00A664CF /* OutputProcess.swift in Sources */,
				E91C5DCD2026FFD200FE7E76 /* ConfigurationSchedule.swift in Sources */,
				E9F54D892026DCCF00A664CF /* Files.swift in Sources */,
				E9F54D872026DCC800A664CF /* Profiles.swift in Sources */,
				E91C5DC52026FAFB00FE7E76 /* ExecuteTaskDispatch.swift in Sources */,
				E95548012035F4CD00D2E713 /* ExecuteTaskTimer.swift in Sources */,
				E95548022035F4CD00D2E713 /* ScheduleOperationTimer.swift in Sources */,
				E90BFDCA202D989D004AE4EC /* yudpsocket.c in Sources */,
				E9F54D7D2026D83500A664CF /* CompleteScheduledOperation.swift in Sources */,
				E90BFDC9202D989D004AE4EC /* yudpsocket.swift in Sources */,
				E90BFDCC202D989D004AE4EC /* ysocket.swift in Sources */,
				E98398AE20260E9D00C977C3 /* Configuration.swift in Sources */,
				E9F54D792026D68D00A664CF /* ViewControllerReference.swift in Sources */,
				94E0FC3F1BD7FC3600A3C537 /* AppDelegate.swift in Sources */,
				E9F54D832026DBD700A664CF /* PersistentStorageConfiguration.swift in Sources */,
			);
			runOnlyForDeploymentPostprocessing = 0;
		};
/* End PBXSourcesBuildPhase section */

/* Begin PBXVariantGroup section */
		94E0FC441BD7FC3600A3C537 /* Main.storyboard */ = {
			isa = PBXVariantGroup;
			children = (
				94E0FC451BD7FC3600A3C537 /* Base */,
			);
			name = Main.storyboard;
			sourceTree = "<group>";
		};
/* End PBXVariantGroup section */

/* Begin XCBuildConfiguration section */
		94E0FC481BD7FC3600A3C537 /* Debug */ = {
			isa = XCBuildConfiguration;
			buildSettings = {
				ALWAYS_SEARCH_USER_PATHS = NO;
				CLANG_CXX_LANGUAGE_STANDARD = "gnu++0x";
				CLANG_CXX_LIBRARY = "libc++";
				CLANG_ENABLE_MODULES = YES;
				CLANG_ENABLE_OBJC_ARC = YES;
				CLANG_WARN_BLOCK_CAPTURE_AUTORELEASING = YES;
				CLANG_WARN_BOOL_CONVERSION = YES;
				CLANG_WARN_COMMA = YES;
				CLANG_WARN_CONSTANT_CONVERSION = YES;
				CLANG_WARN_DIRECT_OBJC_ISA_USAGE = YES_ERROR;
				CLANG_WARN_EMPTY_BODY = YES;
				CLANG_WARN_ENUM_CONVERSION = YES;
				CLANG_WARN_INFINITE_RECURSION = YES;
				CLANG_WARN_INT_CONVERSION = YES;
				CLANG_WARN_NON_LITERAL_NULL_CONVERSION = YES;
				CLANG_WARN_OBJC_LITERAL_CONVERSION = YES;
				CLANG_WARN_OBJC_ROOT_CLASS = YES_ERROR;
				CLANG_WARN_RANGE_LOOP_ANALYSIS = YES;
				CLANG_WARN_STRICT_PROTOTYPES = YES;
				CLANG_WARN_SUSPICIOUS_MOVE = YES;
				CLANG_WARN_UNREACHABLE_CODE = YES;
				CLANG_WARN__DUPLICATE_METHOD_MATCH = YES;
				CODE_SIGN_IDENTITY = "-";
				COPY_PHASE_STRIP = NO;
				DEBUG_INFORMATION_FORMAT = dwarf;
				ENABLE_STRICT_OBJC_MSGSEND = YES;
				ENABLE_TESTABILITY = YES;
				GCC_C_LANGUAGE_STANDARD = gnu99;
				GCC_DYNAMIC_NO_PIC = NO;
				GCC_NO_COMMON_BLOCKS = YES;
				GCC_OPTIMIZATION_LEVEL = 0;
				GCC_PREPROCESSOR_DEFINITIONS = (
					"DEBUG=1",
					"$(inherited)",
				);
				GCC_WARN_64_TO_32_BIT_CONVERSION = YES;
				GCC_WARN_ABOUT_RETURN_TYPE = YES_ERROR;
				GCC_WARN_UNDECLARED_SELECTOR = YES;
				GCC_WARN_UNINITIALIZED_AUTOS = YES_AGGRESSIVE;
				GCC_WARN_UNUSED_FUNCTION = YES;
				GCC_WARN_UNUSED_VARIABLE = YES;
				MACOSX_DEPLOYMENT_TARGET = 10.11;
				MTL_ENABLE_DEBUG_INFO = YES;
				ONLY_ACTIVE_ARCH = YES;
				SDKROOT = macosx;
				SWIFT_OPTIMIZATION_LEVEL = "-Onone";
			};
			name = Debug;
		};
		94E0FC491BD7FC3600A3C537 /* Release */ = {
			isa = XCBuildConfiguration;
			buildSettings = {
				ALWAYS_SEARCH_USER_PATHS = NO;
				CLANG_CXX_LANGUAGE_STANDARD = "gnu++0x";
				CLANG_CXX_LIBRARY = "libc++";
				CLANG_ENABLE_MODULES = YES;
				CLANG_ENABLE_OBJC_ARC = YES;
				CLANG_WARN_BLOCK_CAPTURE_AUTORELEASING = YES;
				CLANG_WARN_BOOL_CONVERSION = YES;
				CLANG_WARN_COMMA = YES;
				CLANG_WARN_CONSTANT_CONVERSION = YES;
				CLANG_WARN_DIRECT_OBJC_ISA_USAGE = YES_ERROR;
				CLANG_WARN_EMPTY_BODY = YES;
				CLANG_WARN_ENUM_CONVERSION = YES;
				CLANG_WARN_INFINITE_RECURSION = YES;
				CLANG_WARN_INT_CONVERSION = YES;
				CLANG_WARN_NON_LITERAL_NULL_CONVERSION = YES;
				CLANG_WARN_OBJC_LITERAL_CONVERSION = YES;
				CLANG_WARN_OBJC_ROOT_CLASS = YES_ERROR;
				CLANG_WARN_RANGE_LOOP_ANALYSIS = YES;
				CLANG_WARN_STRICT_PROTOTYPES = YES;
				CLANG_WARN_SUSPICIOUS_MOVE = YES;
				CLANG_WARN_UNREACHABLE_CODE = YES;
				CLANG_WARN__DUPLICATE_METHOD_MATCH = YES;
				CODE_SIGN_IDENTITY = "-";
				COPY_PHASE_STRIP = NO;
				DEBUG_INFORMATION_FORMAT = "dwarf-with-dsym";
				ENABLE_NS_ASSERTIONS = NO;
				ENABLE_STRICT_OBJC_MSGSEND = YES;
				GCC_C_LANGUAGE_STANDARD = gnu99;
				GCC_NO_COMMON_BLOCKS = YES;
				GCC_WARN_64_TO_32_BIT_CONVERSION = YES;
				GCC_WARN_ABOUT_RETURN_TYPE = YES_ERROR;
				GCC_WARN_UNDECLARED_SELECTOR = YES;
				GCC_WARN_UNINITIALIZED_AUTOS = YES_AGGRESSIVE;
				GCC_WARN_UNUSED_FUNCTION = YES;
				GCC_WARN_UNUSED_VARIABLE = YES;
				MACOSX_DEPLOYMENT_TARGET = 10.11;
				MTL_ENABLE_DEBUG_INFO = NO;
				SDKROOT = macosx;
				SWIFT_OPTIMIZATION_LEVEL = "-Owholemodule";
			};
			name = Release;
		};
		94E0FC4B1BD7FC3600A3C537 /* Debug */ = {
			isa = XCBuildConfiguration;
			buildSettings = {
				ASSETCATALOG_COMPILER_APPICON_NAME = AppIcon;
				CLANG_ENABLE_MODULES = YES;
				CODE_SIGN_IDENTITY = "Mac Developer";
				CODE_SIGN_STYLE = Automatic;
				COMBINE_HIDPI_IMAGES = YES;
				DEVELOPMENT_TEAM = 93M47F4H9T;
				INFOPLIST_FILE = RsyncOSXsched/Info.plist;
				LD_RUNPATH_SEARCH_PATHS = "$(inherited) @executable_path/../Frameworks";
				PRODUCT_BUNDLE_IDENTIFIER = no.blogspot.RsyncOSXsched;
				PRODUCT_NAME = "$(TARGET_NAME)";
				PROVISIONING_PROFILE_SPECIFIER = "";
				SWIFT_OBJC_BRIDGING_HEADER = "Model/New Group/RsyncOSXsched-Bridging-Header.h";
				SWIFT_OPTIMIZATION_LEVEL = "-Onone";
				SWIFT_SWIFT3_OBJC_INFERENCE = Default;
				SWIFT_VERSION = 4.0;
			};
			name = Debug;
		};
		94E0FC4C1BD7FC3600A3C537 /* Release */ = {
			isa = XCBuildConfiguration;
			buildSettings = {
				ASSETCATALOG_COMPILER_APPICON_NAME = AppIcon;
				CLANG_ENABLE_MODULES = YES;
				CODE_SIGN_IDENTITY = "Mac Developer";
				CODE_SIGN_STYLE = Automatic;
				COMBINE_HIDPI_IMAGES = YES;
				DEVELOPMENT_TEAM = 93M47F4H9T;
				INFOPLIST_FILE = RsyncOSXsched/Info.plist;
				LD_RUNPATH_SEARCH_PATHS = "$(inherited) @executable_path/../Frameworks";
				PRODUCT_BUNDLE_IDENTIFIER = no.blogspot.RsyncOSXsched;
				PRODUCT_NAME = "$(TARGET_NAME)";
				PROVISIONING_PROFILE_SPECIFIER = "";
				SWIFT_OBJC_BRIDGING_HEADER = "Model/New Group/RsyncOSXsched-Bridging-Header.h";
				SWIFT_SWIFT3_OBJC_INFERENCE = Default;
				SWIFT_VERSION = 4.0;
			};
			name = Release;
		};
/* End XCBuildConfiguration section */

/* Begin XCConfigurationList section */
		94E0FC361BD7FC3600A3C537 /* Build configuration list for PBXProject "RsyncOSXsched" */ = {
			isa = XCConfigurationList;
			buildConfigurations = (
				94E0FC481BD7FC3600A3C537 /* Debug */,
				94E0FC491BD7FC3600A3C537 /* Release */,
			);
			defaultConfigurationIsVisible = 0;
			defaultConfigurationName = Release;
		};
		94E0FC4A1BD7FC3600A3C537 /* Build configuration list for PBXNativeTarget "RsyncOSXsched" */ = {
			isa = XCConfigurationList;
			buildConfigurations = (
				94E0FC4B1BD7FC3600A3C537 /* Debug */,
				94E0FC4C1BD7FC3600A3C537 /* Release */,
			);
			defaultConfigurationIsVisible = 0;
			defaultConfigurationName = Release;
		};
/* End XCConfigurationList section */
	};
	rootObject = 94E0FC331BD7FC3600A3C537 /* Project object */;
}
