// !$*UTF8*$!
{
	archiveVersion = 1;
	classes = {
	};
	objectVersion = 54;
	objects = {

/* Begin PBXBuildFile section */
		94E0FC3F1BD7FC3600A3C537 /* AppDelegate.swift in Sources */ = {isa = PBXBuildFile; fileRef = 94E0FC3E1BD7FC3600A3C537 /* AppDelegate.swift */; };
		94E0FC411BD7FC3600A3C537 /* ViewControllerMain.swift in Sources */ = {isa = PBXBuildFile; fileRef = 94E0FC401BD7FC3600A3C537 /* ViewControllerMain.swift */; };
		94E0FC431BD7FC3600A3C537 /* Assets.xcassets in Resources */ = {isa = PBXBuildFile; fileRef = 94E0FC421BD7FC3600A3C537 /* Assets.xcassets */; };
		94E0FC461BD7FC3600A3C537 /* Main.storyboard in Resources */ = {isa = PBXBuildFile; fileRef = 94E0FC441BD7FC3600A3C537 /* Main.storyboard */; };
		94E0FC4E1BD7FCBE00A3C537 /* EventMonitor.swift in Sources */ = {isa = PBXBuildFile; fileRef = 94E0FC4D1BD7FCBE00A3C537 /* EventMonitor.swift */; };
		E807E0AE22A41C8E009847A9 /* Environment.swift in Sources */ = {isa = PBXBuildFile; fileRef = E807E0AD22A41C8E009847A9 /* Environment.swift */; };
		E833D53E22999A2500C92FDE /* ConvertOneConfig.swift in Sources */ = {isa = PBXBuildFile; fileRef = E833D53D22999A2500C92FDE /* ConvertOneConfig.swift */; };
		E8DE5C3024D1843C00C56FEC /* NamesandPaths.swift in Sources */ = {isa = PBXBuildFile; fileRef = E8DE5C2F24D1843C00C56FEC /* NamesandPaths.swift */; };
		E8DE5C3324D186B500C56FEC /* Files in Frameworks */ = {isa = PBXBuildFile; productRef = E8DE5C3224D186B500C56FEC /* Files */; };
		E90675D823729A37005B418E /* Getrsyncpath.swift in Sources */ = {isa = PBXBuildFile; fileRef = E90675D723729A37005B418E /* Getrsyncpath.swift */; };
		E906BF6D20F1DB2200238E6A /* ScheduleOperationDispatch.swift in Sources */ = {isa = PBXBuildFile; fileRef = E906BF6B20F1DB2200238E6A /* ScheduleOperationDispatch.swift */; };
		E906BF6E20F1DB2200238E6A /* ExecuteScheduledTask.swift in Sources */ = {isa = PBXBuildFile; fileRef = E906BF6C20F1DB2200238E6A /* ExecuteScheduledTask.swift */; };
		E907FB2424D5E8940047D05B /* SuffixstringsRsyncParameters.swift in Sources */ = {isa = PBXBuildFile; fileRef = E907FB2324D5E8940047D05B /* SuffixstringsRsyncParameters.swift */; };
		E907FB2624D5EC6C0047D05B /* extensionRsyncParameters.swift in Sources */ = {isa = PBXBuildFile; fileRef = E907FB2524D5EC6C0047D05B /* extensionRsyncParameters.swift */; };
		E90BFDC8202D989D004AE4EC /* ytcpsocket.c in Sources */ = {isa = PBXBuildFile; fileRef = E90BFDC3202D989D004AE4EC /* ytcpsocket.c */; };
		E90BFDCA202D989D004AE4EC /* yudpsocket.c in Sources */ = {isa = PBXBuildFile; fileRef = E90BFDC5202D989D004AE4EC /* yudpsocket.c */; };
		E90BFDCB202D989D004AE4EC /* ytcpsocket.swift in Sources */ = {isa = PBXBuildFile; fileRef = E90BFDC6202D989D004AE4EC /* ytcpsocket.swift */; };
		E90CAC5F203D7409004BA7C6 /* Notifications.swift in Sources */ = {isa = PBXBuildFile; fileRef = E90CAC5E203D7409004BA7C6 /* Notifications.swift */; };
		E91C5DBF2026F8FA00FE7E76 /* ScheduleSortedAndExpanded.swift in Sources */ = {isa = PBXBuildFile; fileRef = E91C5DBB2026F8F900FE7E76 /* ScheduleSortedAndExpanded.swift */; };
		E91C5DC02026F8FA00FE7E76 /* Schedules.swift in Sources */ = {isa = PBXBuildFile; fileRef = E91C5DBC2026F8F900FE7E76 /* Schedules.swift */; };
		E91C5DC12026F8FA00FE7E76 /* ScheduleWriteLoggData.swift in Sources */ = {isa = PBXBuildFile; fileRef = E91C5DBD2026F8F900FE7E76 /* ScheduleWriteLoggData.swift */; };
		E91C5DC72026FB3500FE7E76 /* ProcessCmd.swift in Sources */ = {isa = PBXBuildFile; fileRef = E91C5DC62026FB3500FE7E76 /* ProcessCmd.swift */; };
		E91C5DCB2026FE4200FE7E76 /* PersistentStorageScheduling.swift in Sources */ = {isa = PBXBuildFile; fileRef = E91C5DCA2026FE4200FE7E76 /* PersistentStorageScheduling.swift */; };
		E91C5DCD2026FFD200FE7E76 /* ConfigurationSchedule.swift in Sources */ = {isa = PBXBuildFile; fileRef = E91C5DCC2026FFD200FE7E76 /* ConfigurationSchedule.swift */; };
		E923AE5E24C2E710001601D4 /* InterruptProcess.swift in Sources */ = {isa = PBXBuildFile; fileRef = E923AE5D24C2E710001601D4 /* InterruptProcess.swift */; };
		E92D57E92480E32500116E3D /* Keypathidentityfile.swift in Sources */ = {isa = PBXBuildFile; fileRef = E92D57E82480E32500116E3D /* Keypathidentityfile.swift */; };
		E92D74E12269A3D200330BBE /* CheckAllConfigurations.swift in Sources */ = {isa = PBXBuildFile; fileRef = E92D74E02269A3D200330BBE /* CheckAllConfigurations.swift */; };
		E9415402202F6E0C00BCE8A1 /* ViewControllerLog.swift in Sources */ = {isa = PBXBuildFile; fileRef = E9415401202F6E0C00BCE8A1 /* ViewControllerLog.swift */; };
		E946CDBD20279A85005BF6E9 /* Userconfiguration.swift in Sources */ = {isa = PBXBuildFile; fileRef = E946CDBC20279A85005BF6E9 /* Userconfiguration.swift */; };
		E94DDC8720A40CC90041CF53 /* ViewControllerSchedules.swift in Sources */ = {isa = PBXBuildFile; fileRef = E94DDC8620A40CC90041CF53 /* ViewControllerSchedules.swift */; };
		E9542589209ECA900012170B /* Allschedules.swift in Sources */ = {isa = PBXBuildFile; fileRef = E9542588209ECA900012170B /* Allschedules.swift */; };
		E95738EA232B86D2000342FE /* FirstScheduledTask.swift in Sources */ = {isa = PBXBuildFile; fileRef = E95738E9232B86D2000342FE /* FirstScheduledTask.swift */; };
		E965E1AB20A17BF9004F42DC /* Extensions.swift in Sources */ = {isa = PBXBuildFile; fileRef = E965E1AA20A17BF9004F42DC /* Extensions.swift */; };
		E970252124C350B30031EA54 /* ExecuteScheduledTaskShellOut.swift in Sources */ = {isa = PBXBuildFile; fileRef = E970252024C350B30031EA54 /* ExecuteScheduledTaskShellOut.swift */; };
		E973F0EF227305E100412F60 /* ConvertSchedules.swift in Sources */ = {isa = PBXBuildFile; fileRef = E973F0ED227305E100412F60 /* ConvertSchedules.swift */; };
		E973F0F0227305E100412F60 /* ConvertConfigurations.swift in Sources */ = {isa = PBXBuildFile; fileRef = E973F0EE227305E100412F60 /* ConvertConfigurations.swift */; };
		E98398AE20260E9D00C977C3 /* Configuration.swift in Sources */ = {isa = PBXBuildFile; fileRef = E98398AC20260E9D00C977C3 /* Configuration.swift */; };
		E98398AF20260E9D00C977C3 /* Configurations.swift in Sources */ = {isa = PBXBuildFile; fileRef = E98398AD20260E9D00C977C3 /* Configurations.swift */; };
		E98BB14B202763B40078DF8E /* Numbers.swift in Sources */ = {isa = PBXBuildFile; fileRef = E98BB14A202763B40078DF8E /* Numbers.swift */; };
		E9A63066202B4DE900F1FFF1 /* Running.swift in Sources */ = {isa = PBXBuildFile; fileRef = E9A63065202B4DE900F1FFF1 /* Running.swift */; };
		E9B5B4602133F2DB004B7041 /* Checkfornewversion.swift in Sources */ = {isa = PBXBuildFile; fileRef = E9B5B45F2133F2DB004B7041 /* Checkfornewversion.swift */; };
		E9B96299203802EF00EA6D5A /* Logg.swift in Sources */ = {isa = PBXBuildFile; fileRef = E9B96298203802EF00EA6D5A /* Logg.swift */; };
		E9C2C5B224C2D9B9002E86DA /* ShellOut in Frameworks */ = {isa = PBXBuildFile; productRef = E9C2C5B124C2D9B9002E86DA /* ShellOut */; };
		E9C2CD5A2279D80300CF69AF /* InfoPlist.strings in Resources */ = {isa = PBXBuildFile; fileRef = E9C2CD582279D80300CF69AF /* InfoPlist.strings */; };
		E9C2CD5D2279D80300CF69AF /* Localizable.strings in Resources */ = {isa = PBXBuildFile; fileRef = E9C2CD5B2279D80300CF69AF /* Localizable.strings */; };
		E9C6BFC32308317C0052A336 /* Socket.swift in Sources */ = {isa = PBXBuildFile; fileRef = E9C6BFC22308317C0052A336 /* Socket.swift */; };
		E9C6BFC5230831F00052A336 /* Result.swift in Sources */ = {isa = PBXBuildFile; fileRef = E9C6BFC4230831F00052A336 /* Result.swift */; };
		E9E6A7C7213278C300342168 /* Dateandtime.swift in Sources */ = {isa = PBXBuildFile; fileRef = E9E6A7C4213278C200342168 /* Dateandtime.swift */; };
		E9E6A7C9213278C300342168 /* Macserialnumber.swift in Sources */ = {isa = PBXBuildFile; fileRef = E9E6A7C6213278C300342168 /* Macserialnumber.swift */; };
		E9E6A7CB2132802500342168 /* TCPconnections.swift in Sources */ = {isa = PBXBuildFile; fileRef = E9E6A7CA2132802500342168 /* TCPconnections.swift */; };
		E9E7A8282133FA8C00AD1C9B /* Resources.swift in Sources */ = {isa = PBXBuildFile; fileRef = E9E7A8272133FA8C00AD1C9B /* Resources.swift */; };
		E9EC228824C473B6009436E3 /* GetConfig.swift in Sources */ = {isa = PBXBuildFile; fileRef = E9EC228724C473B6009436E3 /* GetConfig.swift */; };
		E9F54D792026D68D00A664CF /* ViewControllerReference.swift in Sources */ = {isa = PBXBuildFile; fileRef = E9F54D782026D68D00A664CF /* ViewControllerReference.swift */; };
		E9F54D7B2026D7D400A664CF /* RsyncParameters.swift in Sources */ = {isa = PBXBuildFile; fileRef = E9F54D7A2026D7D400A664CF /* RsyncParameters.swift */; };
		E9F54D7D2026D83500A664CF /* CompleteScheduledOperation.swift in Sources */ = {isa = PBXBuildFile; fileRef = E9F54D7C2026D83500A664CF /* CompleteScheduledOperation.swift */; };
		E9F54D7F2026DA8B00A664CF /* OutputProcess.swift in Sources */ = {isa = PBXBuildFile; fileRef = E9F54D7E2026DA8A00A664CF /* OutputProcess.swift */; };
		E9F54D832026DBD700A664CF /* PersistentStorageConfiguration.swift in Sources */ = {isa = PBXBuildFile; fileRef = E9F54D822026DBD600A664CF /* PersistentStorageConfiguration.swift */; };
		E9F54D852026DC5D00A664CF /* ReadWriteDictionary.swift in Sources */ = {isa = PBXBuildFile; fileRef = E9F54D842026DC5D00A664CF /* ReadWriteDictionary.swift */; };
		E9F54D892026DCCF00A664CF /* Files.swift in Sources */ = {isa = PBXBuildFile; fileRef = E9F54D882026DCCF00A664CF /* Files.swift */; };
		E9F54D8B2026DED600A664CF /* PersistentStorageUserconfiguration.swift in Sources */ = {isa = PBXBuildFile; fileRef = E9F54D8A2026DED600A664CF /* PersistentStorageUserconfiguration.swift */; };
/* End PBXBuildFile section */

/* Begin PBXFileReference section */
		94E0FC3B1BD7FC3600A3C537 /* RsyncOSXsched.app */ = {isa = PBXFileReference; explicitFileType = wrapper.application; includeInIndex = 0; path = RsyncOSXsched.app; sourceTree = BUILT_PRODUCTS_DIR; };
		94E0FC3E1BD7FC3600A3C537 /* AppDelegate.swift */ = {isa = PBXFileReference; lastKnownFileType = sourcecode.swift; path = AppDelegate.swift; sourceTree = "<group>"; };
		94E0FC401BD7FC3600A3C537 /* ViewControllerMain.swift */ = {isa = PBXFileReference; lastKnownFileType = sourcecode.swift; path = ViewControllerMain.swift; sourceTree = "<group>"; };
		94E0FC421BD7FC3600A3C537 /* Assets.xcassets */ = {isa = PBXFileReference; lastKnownFileType = folder.assetcatalog; path = Assets.xcassets; sourceTree = "<group>"; };
		94E0FC451BD7FC3600A3C537 /* Base */ = {isa = PBXFileReference; lastKnownFileType = file.storyboard; name = Base; path = Base.lproj/Main.storyboard; sourceTree = "<group>"; };
		94E0FC471BD7FC3600A3C537 /* Info.plist */ = {isa = PBXFileReference; lastKnownFileType = text.plist.xml; path = Info.plist; sourceTree = "<group>"; };
		94E0FC4D1BD7FCBE00A3C537 /* EventMonitor.swift */ = {isa = PBXFileReference; fileEncoding = 4; lastKnownFileType = sourcecode.swift; path = EventMonitor.swift; sourceTree = "<group>"; };
		E807E0AD22A41C8E009847A9 /* Environment.swift */ = {isa = PBXFileReference; lastKnownFileType = sourcecode.swift; path = Environment.swift; sourceTree = "<group>"; };
		E833D53D22999A2500C92FDE /* ConvertOneConfig.swift */ = {isa = PBXFileReference; lastKnownFileType = sourcecode.swift; path = ConvertOneConfig.swift; sourceTree = "<group>"; };
		E8DE5C2F24D1843C00C56FEC /* NamesandPaths.swift */ = {isa = PBXFileReference; lastKnownFileType = sourcecode.swift; path = NamesandPaths.swift; sourceTree = "<group>"; };
		E90675D723729A37005B418E /* Getrsyncpath.swift */ = {isa = PBXFileReference; lastKnownFileType = sourcecode.swift; path = Getrsyncpath.swift; sourceTree = "<group>"; };
		E906BF6B20F1DB2200238E6A /* ScheduleOperationDispatch.swift */ = {isa = PBXFileReference; fileEncoding = 4; lastKnownFileType = sourcecode.swift; path = ScheduleOperationDispatch.swift; sourceTree = "<group>"; };
		E906BF6C20F1DB2200238E6A /* ExecuteScheduledTask.swift */ = {isa = PBXFileReference; fileEncoding = 4; lastKnownFileType = sourcecode.swift; path = ExecuteScheduledTask.swift; sourceTree = "<group>"; };
		E907FB2324D5E8940047D05B /* SuffixstringsRsyncParameters.swift */ = {isa = PBXFileReference; lastKnownFileType = sourcecode.swift; path = SuffixstringsRsyncParameters.swift; sourceTree = "<group>"; };
		E907FB2524D5EC6C0047D05B /* extensionRsyncParameters.swift */ = {isa = PBXFileReference; lastKnownFileType = sourcecode.swift; path = extensionRsyncParameters.swift; sourceTree = "<group>"; };
		E90BFDC2202D989C004AE4EC /* RsyncOSXsched-Bridging-Header.h */ = {isa = PBXFileReference; lastKnownFileType = sourcecode.c.h; path = "RsyncOSXsched-Bridging-Header.h"; sourceTree = "<group>"; };
		E90BFDC3202D989D004AE4EC /* ytcpsocket.c */ = {isa = PBXFileReference; fileEncoding = 4; lastKnownFileType = sourcecode.c.c; name = ytcpsocket.c; path = Model/ydpsoket/ytcpsocket.c; sourceTree = SOURCE_ROOT; };
		E90BFDC5202D989D004AE4EC /* yudpsocket.c */ = {isa = PBXFileReference; fileEncoding = 4; lastKnownFileType = sourcecode.c.c; name = yudpsocket.c; path = Model/ydpsoket/yudpsocket.c; sourceTree = SOURCE_ROOT; };
		E90BFDC6202D989D004AE4EC /* ytcpsocket.swift */ = {isa = PBXFileReference; fileEncoding = 4; lastKnownFileType = sourcecode.swift; name = ytcpsocket.swift; path = Model/ydpsoket/ytcpsocket.swift; sourceTree = SOURCE_ROOT; };
		E90CAC5E203D7409004BA7C6 /* Notifications.swift */ = {isa = PBXFileReference; lastKnownFileType = sourcecode.swift; path = Notifications.swift; sourceTree = "<group>"; };
		E91C5DBB2026F8F900FE7E76 /* ScheduleSortedAndExpanded.swift */ = {isa = PBXFileReference; fileEncoding = 4; lastKnownFileType = sourcecode.swift; path = ScheduleSortedAndExpanded.swift; sourceTree = "<group>"; };
		E91C5DBC2026F8F900FE7E76 /* Schedules.swift */ = {isa = PBXFileReference; fileEncoding = 4; lastKnownFileType = sourcecode.swift; path = Schedules.swift; sourceTree = "<group>"; };
		E91C5DBD2026F8F900FE7E76 /* ScheduleWriteLoggData.swift */ = {isa = PBXFileReference; fileEncoding = 4; lastKnownFileType = sourcecode.swift; path = ScheduleWriteLoggData.swift; sourceTree = "<group>"; };
		E91C5DC62026FB3500FE7E76 /* ProcessCmd.swift */ = {isa = PBXFileReference; fileEncoding = 4; lastKnownFileType = sourcecode.swift; path = ProcessCmd.swift; sourceTree = "<group>"; };
		E91C5DCA2026FE4200FE7E76 /* PersistentStorageScheduling.swift */ = {isa = PBXFileReference; fileEncoding = 4; lastKnownFileType = sourcecode.swift; path = PersistentStorageScheduling.swift; sourceTree = "<group>"; };
		E91C5DCC2026FFD200FE7E76 /* ConfigurationSchedule.swift */ = {isa = PBXFileReference; fileEncoding = 4; lastKnownFileType = sourcecode.swift; path = ConfigurationSchedule.swift; sourceTree = "<group>"; };
		E91D535F217F72ED001B7A6A /* RsyncOSXsched.entitlements */ = {isa = PBXFileReference; lastKnownFileType = text.plist.entitlements; path = RsyncOSXsched.entitlements; sourceTree = "<group>"; };
		E923AE5D24C2E710001601D4 /* InterruptProcess.swift */ = {isa = PBXFileReference; lastKnownFileType = sourcecode.swift; path = InterruptProcess.swift; sourceTree = "<group>"; };
		E92D57E82480E32500116E3D /* Keypathidentityfile.swift */ = {isa = PBXFileReference; fileEncoding = 4; lastKnownFileType = sourcecode.swift; path = Keypathidentityfile.swift; sourceTree = "<group>"; };
		E92D74E02269A3D200330BBE /* CheckAllConfigurations.swift */ = {isa = PBXFileReference; lastKnownFileType = sourcecode.swift; path = CheckAllConfigurations.swift; sourceTree = "<group>"; };
		E936DE0423C0832B0099720D /* fr */ = {isa = PBXFileReference; lastKnownFileType = text.plist.strings; name = fr; path = fr.lproj/Main.strings; sourceTree = "<group>"; };
		E936DE0523C0832B0099720D /* fr */ = {isa = PBXFileReference; lastKnownFileType = text.plist.strings; name = fr; path = fr.lproj/Localizable.strings; sourceTree = "<group>"; };
		E936DE0623C0832B0099720D /* fr */ = {isa = PBXFileReference; lastKnownFileType = text.plist.strings; name = fr; path = fr.lproj/InfoPlist.strings; sourceTree = "<group>"; };
		E9415401202F6E0C00BCE8A1 /* ViewControllerLog.swift */ = {isa = PBXFileReference; lastKnownFileType = sourcecode.swift; path = ViewControllerLog.swift; sourceTree = "<group>"; };
		E946CDBC20279A85005BF6E9 /* Userconfiguration.swift */ = {isa = PBXFileReference; fileEncoding = 4; lastKnownFileType = sourcecode.swift; path = Userconfiguration.swift; sourceTree = "<group>"; };
		E94DDC8620A40CC90041CF53 /* ViewControllerSchedules.swift */ = {isa = PBXFileReference; lastKnownFileType = sourcecode.swift; path = ViewControllerSchedules.swift; sourceTree = "<group>"; };
		E9542588209ECA900012170B /* Allschedules.swift */ = {isa = PBXFileReference; lastKnownFileType = sourcecode.swift; path = Allschedules.swift; sourceTree = "<group>"; };
		E95738E9232B86D2000342FE /* FirstScheduledTask.swift */ = {isa = PBXFileReference; lastKnownFileType = sourcecode.swift; path = FirstScheduledTask.swift; sourceTree = "<group>"; };
		E9640D4723B91C2C00223912 /* de */ = {isa = PBXFileReference; lastKnownFileType = text.plist.strings; name = de; path = de.lproj/Main.strings; sourceTree = "<group>"; };
		E9640D4823B91C2C00223912 /* de */ = {isa = PBXFileReference; lastKnownFileType = text.plist.strings; name = de; path = de.lproj/Localizable.strings; sourceTree = "<group>"; };
		E9640D4923B91C2C00223912 /* de */ = {isa = PBXFileReference; lastKnownFileType = text.plist.strings; name = de; path = de.lproj/InfoPlist.strings; sourceTree = "<group>"; };
		E965E1AA20A17BF9004F42DC /* Extensions.swift */ = {isa = PBXFileReference; lastKnownFileType = sourcecode.swift; path = Extensions.swift; sourceTree = "<group>"; };
		E970252024C350B30031EA54 /* ExecuteScheduledTaskShellOut.swift */ = {isa = PBXFileReference; lastKnownFileType = sourcecode.swift; path = ExecuteScheduledTaskShellOut.swift; sourceTree = "<group>"; };
		E973F0ED227305E100412F60 /* ConvertSchedules.swift */ = {isa = PBXFileReference; fileEncoding = 4; lastKnownFileType = sourcecode.swift; path = ConvertSchedules.swift; sourceTree = "<group>"; };
		E973F0EE227305E100412F60 /* ConvertConfigurations.swift */ = {isa = PBXFileReference; fileEncoding = 4; lastKnownFileType = sourcecode.swift; path = ConvertConfigurations.swift; sourceTree = "<group>"; };
		E97974312427372C00F298E0 /* it */ = {isa = PBXFileReference; lastKnownFileType = text.plist.strings; name = it; path = it.lproj/Main.strings; sourceTree = "<group>"; };
		E97974322427372C00F298E0 /* it */ = {isa = PBXFileReference; lastKnownFileType = text.plist.strings; name = it; path = it.lproj/Localizable.strings; sourceTree = "<group>"; };
		E97974332427372C00F298E0 /* it */ = {isa = PBXFileReference; lastKnownFileType = text.plist.strings; name = it; path = it.lproj/InfoPlist.strings; sourceTree = "<group>"; };
		E97974342427373E00F298E0 /* zh-Hans */ = {isa = PBXFileReference; lastKnownFileType = text.plist.strings; name = "zh-Hans"; path = "zh-Hans.lproj/Main.strings"; sourceTree = "<group>"; };
		E97974352427373E00F298E0 /* zh-Hans */ = {isa = PBXFileReference; lastKnownFileType = text.plist.strings; name = "zh-Hans"; path = "zh-Hans.lproj/Localizable.strings"; sourceTree = "<group>"; };
		E97974362427373E00F298E0 /* zh-Hans */ = {isa = PBXFileReference; lastKnownFileType = text.plist.strings; name = "zh-Hans"; path = "zh-Hans.lproj/InfoPlist.strings"; sourceTree = "<group>"; };
		E98398AC20260E9D00C977C3 /* Configuration.swift */ = {isa = PBXFileReference; fileEncoding = 4; lastKnownFileType = sourcecode.swift; path = Configuration.swift; sourceTree = "<group>"; };
		E98398AD20260E9D00C977C3 /* Configurations.swift */ = {isa = PBXFileReference; fileEncoding = 4; lastKnownFileType = sourcecode.swift; path = Configurations.swift; sourceTree = "<group>"; };
		E98BB14A202763B40078DF8E /* Numbers.swift */ = {isa = PBXFileReference; fileEncoding = 4; lastKnownFileType = sourcecode.swift; path = Numbers.swift; sourceTree = "<group>"; };
		E9A63065202B4DE900F1FFF1 /* Running.swift */ = {isa = PBXFileReference; lastKnownFileType = sourcecode.swift; path = Running.swift; sourceTree = "<group>"; };
		E9B5B45F2133F2DB004B7041 /* Checkfornewversion.swift */ = {isa = PBXFileReference; fileEncoding = 4; lastKnownFileType = sourcecode.swift; path = Checkfornewversion.swift; sourceTree = "<group>"; };
		E9B96298203802EF00EA6D5A /* Logg.swift */ = {isa = PBXFileReference; lastKnownFileType = sourcecode.swift; path = Logg.swift; sourceTree = "<group>"; };
		E9C2CD592279D80300CF69AF /* nb */ = {isa = PBXFileReference; lastKnownFileType = text.plist.strings; name = nb; path = nb.lproj/InfoPlist.strings; sourceTree = "<group>"; };
		E9C2CD5C2279D80300CF69AF /* nb */ = {isa = PBXFileReference; lastKnownFileType = text.plist.strings; name = nb; path = nb.lproj/Localizable.strings; sourceTree = "<group>"; };
		E9C6BFC22308317C0052A336 /* Socket.swift */ = {isa = PBXFileReference; fileEncoding = 4; lastKnownFileType = sourcecode.swift; name = Socket.swift; path = Model/ydpsoket/Socket.swift; sourceTree = SOURCE_ROOT; };
		E9C6BFC4230831F00052A336 /* Result.swift */ = {isa = PBXFileReference; fileEncoding = 4; lastKnownFileType = sourcecode.swift; name = Result.swift; path = Model/ydpsoket/Result.swift; sourceTree = SOURCE_ROOT; };
		E9E6A7C4213278C200342168 /* Dateandtime.swift */ = {isa = PBXFileReference; fileEncoding = 4; lastKnownFileType = sourcecode.swift; path = Dateandtime.swift; sourceTree = "<group>"; };
		E9E6A7C6213278C300342168 /* Macserialnumber.swift */ = {isa = PBXFileReference; fileEncoding = 4; lastKnownFileType = sourcecode.swift; path = Macserialnumber.swift; sourceTree = "<group>"; };
		E9E6A7CA2132802500342168 /* TCPconnections.swift */ = {isa = PBXFileReference; fileEncoding = 4; lastKnownFileType = sourcecode.swift; path = TCPconnections.swift; sourceTree = "<group>"; };
		E9E7A8272133FA8C00AD1C9B /* Resources.swift */ = {isa = PBXFileReference; fileEncoding = 4; lastKnownFileType = sourcecode.swift; path = Resources.swift; sourceTree = "<group>"; };
		E9EC228724C473B6009436E3 /* GetConfig.swift */ = {isa = PBXFileReference; lastKnownFileType = sourcecode.swift; path = GetConfig.swift; sourceTree = "<group>"; };
		E9F54D782026D68D00A664CF /* ViewControllerReference.swift */ = {isa = PBXFileReference; fileEncoding = 4; lastKnownFileType = sourcecode.swift; path = ViewControllerReference.swift; sourceTree = "<group>"; };
		E9F54D7A2026D7D400A664CF /* RsyncParameters.swift */ = {isa = PBXFileReference; fileEncoding = 4; lastKnownFileType = sourcecode.swift; path = RsyncParameters.swift; sourceTree = "<group>"; };
		E9F54D7C2026D83500A664CF /* CompleteScheduledOperation.swift */ = {isa = PBXFileReference; fileEncoding = 4; lastKnownFileType = sourcecode.swift; path = CompleteScheduledOperation.swift; sourceTree = "<group>"; };
		E9F54D7E2026DA8A00A664CF /* OutputProcess.swift */ = {isa = PBXFileReference; fileEncoding = 4; lastKnownFileType = sourcecode.swift; path = OutputProcess.swift; sourceTree = "<group>"; };
		E9F54D822026DBD600A664CF /* PersistentStorageConfiguration.swift */ = {isa = PBXFileReference; fileEncoding = 4; lastKnownFileType = sourcecode.swift; path = PersistentStorageConfiguration.swift; sourceTree = "<group>"; };
		E9F54D842026DC5D00A664CF /* ReadWriteDictionary.swift */ = {isa = PBXFileReference; fileEncoding = 4; lastKnownFileType = sourcecode.swift; path = ReadWriteDictionary.swift; sourceTree = "<group>"; };
		E9F54D882026DCCF00A664CF /* Files.swift */ = {isa = PBXFileReference; fileEncoding = 4; lastKnownFileType = sourcecode.swift; path = Files.swift; sourceTree = "<group>"; };
		E9F54D8A2026DED600A664CF /* PersistentStorageUserconfiguration.swift */ = {isa = PBXFileReference; fileEncoding = 4; lastKnownFileType = sourcecode.swift; path = PersistentStorageUserconfiguration.swift; sourceTree = "<group>"; };
		E9FA8C072279BF0100B28803 /* nb */ = {isa = PBXFileReference; lastKnownFileType = text.plist.strings; name = nb; path = nb.lproj/Main.strings; sourceTree = "<group>"; };
/* End PBXFileReference section */

/* Begin PBXFrameworksBuildPhase section */
		94E0FC381BD7FC3600A3C537 /* Frameworks */ = {
			isa = PBXFrameworksBuildPhase;
			buildActionMask = 2147483647;
			files = (
				E8DE5C3324D186B500C56FEC /* Files in Frameworks */,
				E9C2C5B224C2D9B9002E86DA /* ShellOut in Frameworks */,
			);
			runOnlyForDeploymentPostprocessing = 0;
		};
/* End PBXFrameworksBuildPhase section */

/* Begin PBXGroup section */
		94E0FC321BD7FC3600A3C537 = {
			isa = PBXGroup;
			children = (
				E946B4ED2030159500B929ED /* Menuapp */,
				E95AB5602028506000D77CDE /* RsyncOSXsched */,
				E97983B3202878B9003ADB25 /* ViewController */,
				E98398A720260D0300C977C3 /* Model */,
				94E0FC3C1BD7FC3600A3C537 /* Products */,
			);
			sourceTree = "<group>";
		};
		94E0FC3C1BD7FC3600A3C537 /* Products */ = {
			isa = PBXGroup;
			children = (
				94E0FC3B1BD7FC3600A3C537 /* RsyncOSXsched.app */,
			);
			name = Products;
			sourceTree = "<group>";
		};
		E90BFDC1202D9858004AE4EC /* ydpsocket */ = {
			isa = PBXGroup;
			children = (
				E9C6BFC4230831F00052A336 /* Result.swift */,
				E9C6BFC22308317C0052A336 /* Socket.swift */,
				E90BFDC3202D989D004AE4EC /* ytcpsocket.c */,
				E90BFDC6202D989D004AE4EC /* ytcpsocket.swift */,
				E90BFDC5202D989D004AE4EC /* yudpsocket.c */,
				E90BFDC2202D989C004AE4EC /* RsyncOSXsched-Bridging-Header.h */,
			);
			name = ydpsocket;
			path = "New Group";
			sourceTree = "<group>";
		};
		E91C5DBA2026F80C00FE7E76 /* Schedules */ = {
			isa = PBXGroup;
			children = (
				E91C5DCC2026FFD200FE7E76 /* ConfigurationSchedule.swift */,
				E91C5DBC2026F8F900FE7E76 /* Schedules.swift */,
				E91C5DBB2026F8F900FE7E76 /* ScheduleSortedAndExpanded.swift */,
				E91C5DBD2026F8F900FE7E76 /* ScheduleWriteLoggData.swift */,
				E9542588209ECA900012170B /* Allschedules.swift */,
			);
			path = Schedules;
			sourceTree = "<group>";
		};
		E91C5DC32026FACF00FE7E76 /* Operation */ = {
			isa = PBXGroup;
			children = (
				E98448A424C6C8CA005F6E0A /* Dispatch */,
				E906BF6C20F1DB2200238E6A /* ExecuteScheduledTask.swift */,
				E970252024C350B30031EA54 /* ExecuteScheduledTaskShellOut.swift */,
				E91C5DC62026FB3500FE7E76 /* ProcessCmd.swift */,
				E923AE5D24C2E710001601D4 /* InterruptProcess.swift */,
			);
			path = Operation;
			sourceTree = "<group>";
		};
		E93A7EF92026EA5300D61258 /* Configurations */ = {
			isa = PBXGroup;
			children = (
				E9F54D7A2026D7D400A664CF /* RsyncParameters.swift */,
				E907FB2524D5EC6C0047D05B /* extensionRsyncParameters.swift */,
				E98398AD20260E9D00C977C3 /* Configurations.swift */,
				E98398AC20260E9D00C977C3 /* Configuration.swift */,
				E92D74E02269A3D200330BBE /* CheckAllConfigurations.swift */,
				E907FB2324D5E8940047D05B /* SuffixstringsRsyncParameters.swift */,
			);
			path = Configurations;
			sourceTree = "<group>";
		};
		E93A7EFA2026EA7C00D61258 /* Storage */ = {
			isa = PBXGroup;
			children = (
				E91C5DCA2026FE4200FE7E76 /* PersistentStorageScheduling.swift */,
				E9F54D8A2026DED600A664CF /* PersistentStorageUserconfiguration.swift */,
				E9F54D822026DBD600A664CF /* PersistentStorageConfiguration.swift */,
			);
			path = Storage;
			sourceTree = "<group>";
		};
		E93A7EFB2026ECB100D61258 /* Output */ = {
			isa = PBXGroup;
			children = (
				E9F54D7E2026DA8A00A664CF /* OutputProcess.swift */,
			);
			path = Output;
			sourceTree = "<group>";
		};
		E93A7EFC2026ECC800D61258 /* Fileoperations */ = {
			isa = PBXGroup;
			children = (
				E92D57E82480E32500116E3D /* Keypathidentityfile.swift */,
				E9F54D882026DCCF00A664CF /* Files.swift */,
				E9F54D842026DC5D00A664CF /* ReadWriteDictionary.swift */,
				E8DE5C2F24D1843C00C56FEC /* NamesandPaths.swift */,
			);
			path = Fileoperations;
			sourceTree = "<group>";
		};
		E93A7EFD2026ED0000D61258 /* Tools */ = {
			isa = PBXGroup;
			children = (
				E9E7A8272133FA8C00AD1C9B /* Resources.swift */,
				E9B5B45F2133F2DB004B7041 /* Checkfornewversion.swift */,
				E9E6A7CA2132802500342168 /* TCPconnections.swift */,
				E9E6A7C4213278C200342168 /* Dateandtime.swift */,
				E9E6A7C6213278C300342168 /* Macserialnumber.swift */,
				E98BB14A202763B40078DF8E /* Numbers.swift */,
				E9A63065202B4DE900F1FFF1 /* Running.swift */,
				E9B96298203802EF00EA6D5A /* Logg.swift */,
				E90CAC5E203D7409004BA7C6 /* Notifications.swift */,
				E807E0AD22A41C8E009847A9 /* Environment.swift */,
				E95738E9232B86D2000342FE /* FirstScheduledTask.swift */,
				E90675D723729A37005B418E /* Getrsyncpath.swift */,
				E9EC228724C473B6009436E3 /* GetConfig.swift */,
			);
			path = Tools;
			sourceTree = "<group>";
		};
		E93A7EFE2026ED3100D61258 /* Reference */ = {
			isa = PBXGroup;
			children = (
				E9F54D782026D68D00A664CF /* ViewControllerReference.swift */,
			);
			path = Reference;
			sourceTree = "<group>";
		};
		E93A7EFF2026ED4300D61258 /* CompleteOperation */ = {
			isa = PBXGroup;
			children = (
				E9F54D7C2026D83500A664CF /* CompleteScheduledOperation.swift */,
			);
			path = CompleteOperation;
			sourceTree = "<group>";
		};
		E946B4ED2030159500B929ED /* Menuapp */ = {
			isa = PBXGroup;
			children = (
				94E0FC3E1BD7FC3600A3C537 /* AppDelegate.swift */,
				94E0FC4D1BD7FCBE00A3C537 /* EventMonitor.swift */,
			);
			path = Menuapp;
			sourceTree = "<group>";
		};
		E946CDBB20279A3C005BF6E9 /* User */ = {
			isa = PBXGroup;
			children = (
				E946CDBC20279A85005BF6E9 /* Userconfiguration.swift */,
			);
			path = User;
			sourceTree = "<group>";
		};
		E95AB5602028506000D77CDE /* RsyncOSXsched */ = {
			isa = PBXGroup;
			children = (
				E91D535F217F72ED001B7A6A /* RsyncOSXsched.entitlements */,
				94E0FC471BD7FC3600A3C537 /* Info.plist */,
				E9C2CD5B2279D80300CF69AF /* Localizable.strings */,
				E9C2CD582279D80300CF69AF /* InfoPlist.strings */,
				94E0FC441BD7FC3600A3C537 /* Main.storyboard */,
				94E0FC421BD7FC3600A3C537 /* Assets.xcassets */,
			);
			path = RsyncOSXsched;
			sourceTree = "<group>";
		};
		E965E1A920A17BDC004F42DC /* Extensions */ = {
			isa = PBXGroup;
			children = (
				E965E1AA20A17BF9004F42DC /* Extensions.swift */,
			);
			path = Extensions;
			sourceTree = "<group>";
		};
		E973F0EC2273056E00412F60 /* Conversions */ = {
			isa = PBXGroup;
			children = (
				E973F0EE227305E100412F60 /* ConvertConfigurations.swift */,
				E973F0ED227305E100412F60 /* ConvertSchedules.swift */,
				E833D53D22999A2500C92FDE /* ConvertOneConfig.swift */,
			);
			path = Conversions;
			sourceTree = "<group>";
		};
		E97983B3202878B9003ADB25 /* ViewController */ = {
			isa = PBXGroup;
			children = (
				94E0FC401BD7FC3600A3C537 /* ViewControllerMain.swift */,
				E9415401202F6E0C00BCE8A1 /* ViewControllerLog.swift */,
				E94DDC8620A40CC90041CF53 /* ViewControllerSchedules.swift */,
			);
			path = ViewController;
			sourceTree = "<group>";
		};
		E98398A720260D0300C977C3 /* Model */ = {
			isa = PBXGroup;
			children = (
				E973F0EC2273056E00412F60 /* Conversions */,
				E965E1A920A17BDC004F42DC /* Extensions */,
				E90BFDC1202D9858004AE4EC /* ydpsocket */,
				E946CDBB20279A3C005BF6E9 /* User */,
				E91C5DC32026FACF00FE7E76 /* Operation */,
				E91C5DBA2026F80C00FE7E76 /* Schedules */,
				E93A7EFF2026ED4300D61258 /* CompleteOperation */,
				E93A7EFE2026ED3100D61258 /* Reference */,
				E93A7EFD2026ED0000D61258 /* Tools */,
				E93A7EFB2026ECB100D61258 /* Output */,
				E93A7EFC2026ECC800D61258 /* Fileoperations */,
				E93A7EFA2026EA7C00D61258 /* Storage */,
				E93A7EF92026EA5300D61258 /* Configurations */,
			);
			path = Model;
			sourceTree = "<group>";
		};
		E98448A424C6C8CA005F6E0A /* Dispatch */ = {
			isa = PBXGroup;
			children = (
				E906BF6B20F1DB2200238E6A /* ScheduleOperationDispatch.swift */,
			);
			path = Dispatch;
			sourceTree = "<group>";
		};
/* End PBXGroup section */

/* Begin PBXNativeTarget section */
		94E0FC3A1BD7FC3600A3C537 /* RsyncOSXsched */ = {
			isa = PBXNativeTarget;
			buildConfigurationList = 94E0FC4A1BD7FC3600A3C537 /* Build configuration list for PBXNativeTarget "RsyncOSXsched" */;
			buildPhases = (
				94E0FC371BD7FC3600A3C537 /* Sources */,
				94E0FC381BD7FC3600A3C537 /* Frameworks */,
				94E0FC391BD7FC3600A3C537 /* Resources */,
				E9B10952207B5FDF0021A2EC /* ShellScript */,
			);
			buildRules = (
			);
			dependencies = (
			);
			name = RsyncOSXsched;
			packageProductDependencies = (
				E9C2C5B124C2D9B9002E86DA /* ShellOut */,
				E8DE5C3224D186B500C56FEC /* Files */,
			);
			productName = Popup;
			productReference = 94E0FC3B1BD7FC3600A3C537 /* RsyncOSXsched.app */;
			productType = "com.apple.product-type.application";
		};
/* End PBXNativeTarget section */

/* Begin PBXProject section */
		94E0FC331BD7FC3600A3C537 /* Project object */ = {
			isa = PBXProject;
			attributes = {
				LastUpgradeCheck = 1200;
				ORGANIZATIONNAME = "Thomas Evensen";
				TargetAttributes = {
					94E0FC3A1BD7FC3600A3C537 = {
						CreatedOnToolsVersion = 7.0.1;
						DevelopmentTeam = 93M47F4H9T;
						LastSwiftMigration = 1020;
						ProvisioningStyle = Automatic;
						SystemCapabilities = {
							com.apple.HardenedRuntime = {
								enabled = 1;
							};
						};
					};
				};
			};
			buildConfigurationList = 94E0FC361BD7FC3600A3C537 /* Build configuration list for PBXProject "RsyncOSXsched" */;
			compatibilityVersion = "Xcode 12.0";
			developmentRegion = en;
			hasScannedForEncodings = 0;
			knownRegions = (
				Base,
				nb,
				en,
				de,
				fr,
				it,
				"zh-Hans",
			);
			mainGroup = 94E0FC321BD7FC3600A3C537;
			packageReferences = (
				E9C2C5B024C2D9B9002E86DA /* XCRemoteSwiftPackageReference "ShellOut" */,
				E8DE5C3124D186B500C56FEC /* XCRemoteSwiftPackageReference "Files" */,
			);
			productRefGroup = 94E0FC3C1BD7FC3600A3C537 /* Products */;
			projectDirPath = "";
			projectRoot = "";
			targets = (
				94E0FC3A1BD7FC3600A3C537 /* RsyncOSXsched */,
			);
		};
/* End PBXProject section */

/* Begin PBXResourcesBuildPhase section */
		94E0FC391BD7FC3600A3C537 /* Resources */ = {
			isa = PBXResourcesBuildPhase;
			buildActionMask = 2147483647;
			files = (
				94E0FC431BD7FC3600A3C537 /* Assets.xcassets in Resources */,
				E9C2CD5D2279D80300CF69AF /* Localizable.strings in Resources */,
				E9C2CD5A2279D80300CF69AF /* InfoPlist.strings in Resources */,
				94E0FC461BD7FC3600A3C537 /* Main.storyboard in Resources */,
			);
			runOnlyForDeploymentPostprocessing = 0;
		};
/* End PBXResourcesBuildPhase section */

/* Begin PBXShellScriptBuildPhase section */
		E9B10952207B5FDF0021A2EC /* ShellScript */ = {
			isa = PBXShellScriptBuildPhase;
			buildActionMask = 2147483647;
			files = (
			);
			inputPaths = (
			);
			outputPaths = (
			);
			runOnlyForDeploymentPostprocessing = 0;
			shellPath = /bin/sh;
			shellScript = "if which swiftlint >/dev/null; then\nswiftlint\nelse\necho \"warning: SwiftLint not installed, download from https://github.com/realm/SwiftLint\"\nfi\nif which swiftformat >/dev/null; then\nswiftformat --swiftversion 5 --disable redundantSelf .\nelse\n  echo \"warning: SwiftFormat not installed, download from https://github.com/nicklockwood/SwiftFormat\"\nfi\n";
		};
/* End PBXShellScriptBuildPhase section */

/* Begin PBXSourcesBuildPhase section */
		94E0FC371BD7FC3600A3C537 /* Sources */ = {
			isa = PBXSourcesBuildPhase;
			buildActionMask = 2147483647;
			files = (
				E970252124C350B30031EA54 /* ExecuteScheduledTaskShellOut.swift in Sources */,
				E906BF6D20F1DB2200238E6A /* ScheduleOperationDispatch.swift in Sources */,
				E923AE5E24C2E710001601D4 /* InterruptProcess.swift in Sources */,
				E90CAC5F203D7409004BA7C6 /* Notifications.swift in Sources */,
				E94DDC8720A40CC90041CF53 /* ViewControllerSchedules.swift in Sources */,
				E91C5DBF2026F8FA00FE7E76 /* ScheduleSortedAndExpanded.swift in Sources */,
				E90675D823729A37005B418E /* Getrsyncpath.swift in Sources */,
				E9B96299203802EF00EA6D5A /* Logg.swift in Sources */,
				E91C5DC72026FB3500FE7E76 /* ProcessCmd.swift in Sources */,
				E9C6BFC5230831F00052A336 /* Result.swift in Sources */,
				E91C5DC02026F8FA00FE7E76 /* Schedules.swift in Sources */,
				94E0FC4E1BD7FCBE00A3C537 /* EventMonitor.swift in Sources */,
				E9C6BFC32308317C0052A336 /* Socket.swift in Sources */,
				E98398AF20260E9D00C977C3 /* Configurations.swift in Sources */,
				E90BFDC8202D989D004AE4EC /* ytcpsocket.c in Sources */,
				E9F54D7B2026D7D400A664CF /* RsyncParameters.swift in Sources */,
				E9B5B4602133F2DB004B7041 /* Checkfornewversion.swift in Sources */,
				E91C5DC12026F8FA00FE7E76 /* ScheduleWriteLoggData.swift in Sources */,
				E9A63066202B4DE900F1FFF1 /* Running.swift in Sources */,
				E8DE5C3024D1843C00C56FEC /* NamesandPaths.swift in Sources */,
				E833D53E22999A2500C92FDE /* ConvertOneConfig.swift in Sources */,
				E965E1AB20A17BF9004F42DC /* Extensions.swift in Sources */,
				E973F0F0227305E100412F60 /* ConvertConfigurations.swift in Sources */,
				E9E6A7C9213278C300342168 /* Macserialnumber.swift in Sources */,
				E906BF6E20F1DB2200238E6A /* ExecuteScheduledTask.swift in Sources */,
				E807E0AE22A41C8E009847A9 /* Environment.swift in Sources */,
				E9F54D852026DC5D00A664CF /* ReadWriteDictionary.swift in Sources */,
				E92D74E12269A3D200330BBE /* CheckAllConfigurations.swift in Sources */,
				E9F54D8B2026DED600A664CF /* PersistentStorageUserconfiguration.swift in Sources */,
				E946CDBD20279A85005BF6E9 /* Userconfiguration.swift in Sources */,
				E91C5DCB2026FE4200FE7E76 /* PersistentStorageScheduling.swift in Sources */,
				94E0FC411BD7FC3600A3C537 /* ViewControllerMain.swift in Sources */,
				E90BFDCB202D989D004AE4EC /* ytcpsocket.swift in Sources */,
				E907FB2624D5EC6C0047D05B /* extensionRsyncParameters.swift in Sources */,
				E98BB14B202763B40078DF8E /* Numbers.swift in Sources */,
				E9E6A7C7213278C300342168 /* Dateandtime.swift in Sources */,
				E9415402202F6E0C00BCE8A1 /* ViewControllerLog.swift in Sources */,
				E9F54D7F2026DA8B00A664CF /* OutputProcess.swift in Sources */,
				E9542589209ECA900012170B /* Allschedules.swift in Sources */,
				E91C5DCD2026FFD200FE7E76 /* ConfigurationSchedule.swift in Sources */,
				E95738EA232B86D2000342FE /* FirstScheduledTask.swift in Sources */,
				E9EC228824C473B6009436E3 /* GetConfig.swift in Sources */,
				E973F0EF227305E100412F60 /* ConvertSchedules.swift in Sources */,
				E9F54D892026DCCF00A664CF /* Files.swift in Sources */,
				E9E6A7CB2132802500342168 /* TCPconnections.swift in Sources */,
				E9E7A8282133FA8C00AD1C9B /* Resources.swift in Sources */,
				E90BFDCA202D989D004AE4EC /* yudpsocket.c in Sources */,
				E92D57E92480E32500116E3D /* Keypathidentityfile.swift in Sources */,
				E9F54D7D2026D83500A664CF /* CompleteScheduledOperation.swift in Sources */,
				E98398AE20260E9D00C977C3 /* Configuration.swift in Sources */,
				E9F54D792026D68D00A664CF /* ViewControllerReference.swift in Sources */,
				E907FB2424D5E8940047D05B /* SuffixstringsRsyncParameters.swift in Sources */,
				94E0FC3F1BD7FC3600A3C537 /* AppDelegate.swift in Sources */,
				E9F54D832026DBD700A664CF /* PersistentStorageConfiguration.swift in Sources */,
			);
			runOnlyForDeploymentPostprocessing = 0;
		};
/* End PBXSourcesBuildPhase section */

/* Begin PBXVariantGroup section */
		94E0FC441BD7FC3600A3C537 /* Main.storyboard */ = {
			isa = PBXVariantGroup;
			children = (
				94E0FC451BD7FC3600A3C537 /* Base */,
				E9FA8C072279BF0100B28803 /* nb */,
				E9640D4723B91C2C00223912 /* de */,
				E936DE0423C0832B0099720D /* fr */,
				E97974312427372C00F298E0 /* it */,
				E97974342427373E00F298E0 /* zh-Hans */,
			);
			name = Main.storyboard;
			sourceTree = "<group>";
		};
		E9C2CD582279D80300CF69AF /* InfoPlist.strings */ = {
			isa = PBXVariantGroup;
			children = (
				E9C2CD592279D80300CF69AF /* nb */,
				E9640D4923B91C2C00223912 /* de */,
				E936DE0623C0832B0099720D /* fr */,
				E97974332427372C00F298E0 /* it */,
				E97974362427373E00F298E0 /* zh-Hans */,
			);
			name = InfoPlist.strings;
			sourceTree = "<group>";
		};
		E9C2CD5B2279D80300CF69AF /* Localizable.strings */ = {
			isa = PBXVariantGroup;
			children = (
				E9C2CD5C2279D80300CF69AF /* nb */,
				E9640D4823B91C2C00223912 /* de */,
				E936DE0523C0832B0099720D /* fr */,
				E97974322427372C00F298E0 /* it */,
				E97974352427373E00F298E0 /* zh-Hans */,
			);
			name = Localizable.strings;
			sourceTree = "<group>";
		};
/* End PBXVariantGroup section */

/* Begin XCBuildConfiguration section */
		94E0FC481BD7FC3600A3C537 /* Debug */ = {
			isa = XCBuildConfiguration;
			buildSettings = {
				ALWAYS_SEARCH_USER_PATHS = NO;
				CLANG_ANALYZER_LOCALIZABILITY_NONLOCALIZED = YES;
				CLANG_CXX_LANGUAGE_STANDARD = "gnu++0x";
				CLANG_CXX_LIBRARY = "libc++";
				CLANG_ENABLE_MODULES = YES;
				CLANG_ENABLE_OBJC_ARC = YES;
				CLANG_WARN_BLOCK_CAPTURE_AUTORELEASING = YES;
				CLANG_WARN_BOOL_CONVERSION = YES;
				CLANG_WARN_COMMA = YES;
				CLANG_WARN_CONSTANT_CONVERSION = YES;
				CLANG_WARN_DEPRECATED_OBJC_IMPLEMENTATIONS = YES;
				CLANG_WARN_DIRECT_OBJC_ISA_USAGE = YES_ERROR;
				CLANG_WARN_EMPTY_BODY = YES;
				CLANG_WARN_ENUM_CONVERSION = YES;
				CLANG_WARN_INFINITE_RECURSION = YES;
				CLANG_WARN_INT_CONVERSION = YES;
				CLANG_WARN_NON_LITERAL_NULL_CONVERSION = YES;
				CLANG_WARN_OBJC_IMPLICIT_RETAIN_SELF = YES;
				CLANG_WARN_OBJC_LITERAL_CONVERSION = YES;
				CLANG_WARN_OBJC_ROOT_CLASS = YES_ERROR;
				CLANG_WARN_QUOTED_INCLUDE_IN_FRAMEWORK_HEADER = YES;
				CLANG_WARN_RANGE_LOOP_ANALYSIS = YES;
				CLANG_WARN_STRICT_PROTOTYPES = YES;
				CLANG_WARN_SUSPICIOUS_MOVE = YES;
				CLANG_WARN_UNREACHABLE_CODE = YES;
				CLANG_WARN__DUPLICATE_METHOD_MATCH = YES;
				CODE_SIGN_IDENTITY = "-";
				COPY_PHASE_STRIP = NO;
				DEBUG_INFORMATION_FORMAT = dwarf;
				ENABLE_STRICT_OBJC_MSGSEND = YES;
				ENABLE_TESTABILITY = YES;
				GCC_C_LANGUAGE_STANDARD = gnu99;
				GCC_DYNAMIC_NO_PIC = NO;
				GCC_NO_COMMON_BLOCKS = YES;
				GCC_OPTIMIZATION_LEVEL = 0;
				GCC_PREPROCESSOR_DEFINITIONS = (
					"DEBUG=1",
					"$(inherited)",
				);
				GCC_WARN_64_TO_32_BIT_CONVERSION = YES;
				GCC_WARN_ABOUT_RETURN_TYPE = YES_ERROR;
				GCC_WARN_UNDECLARED_SELECTOR = YES;
				GCC_WARN_UNINITIALIZED_AUTOS = YES_AGGRESSIVE;
				GCC_WARN_UNUSED_FUNCTION = YES;
				GCC_WARN_UNUSED_VARIABLE = YES;
				MACOSX_DEPLOYMENT_TARGET = 10.14;
				MTL_ENABLE_DEBUG_INFO = YES;
				ONLY_ACTIVE_ARCH = YES;
				SDKROOT = macosx;
				SWIFT_OPTIMIZATION_LEVEL = "-Onone";
			};
			name = Debug;
		};
		94E0FC491BD7FC3600A3C537 /* Release */ = {
			isa = XCBuildConfiguration;
			buildSettings = {
				ALWAYS_SEARCH_USER_PATHS = NO;
				CLANG_ANALYZER_LOCALIZABILITY_NONLOCALIZED = YES;
				CLANG_CXX_LANGUAGE_STANDARD = "gnu++0x";
				CLANG_CXX_LIBRARY = "libc++";
				CLANG_ENABLE_MODULES = YES;
				CLANG_ENABLE_OBJC_ARC = YES;
				CLANG_WARN_BLOCK_CAPTURE_AUTORELEASING = YES;
				CLANG_WARN_BOOL_CONVERSION = YES;
				CLANG_WARN_COMMA = YES;
				CLANG_WARN_CONSTANT_CONVERSION = YES;
				CLANG_WARN_DEPRECATED_OBJC_IMPLEMENTATIONS = YES;
				CLANG_WARN_DIRECT_OBJC_ISA_USAGE = YES_ERROR;
				CLANG_WARN_EMPTY_BODY = YES;
				CLANG_WARN_ENUM_CONVERSION = YES;
				CLANG_WARN_INFINITE_RECURSION = YES;
				CLANG_WARN_INT_CONVERSION = YES;
				CLANG_WARN_NON_LITERAL_NULL_CONVERSION = YES;
				CLANG_WARN_OBJC_IMPLICIT_RETAIN_SELF = YES;
				CLANG_WARN_OBJC_LITERAL_CONVERSION = YES;
				CLANG_WARN_OBJC_ROOT_CLASS = YES_ERROR;
				CLANG_WARN_QUOTED_INCLUDE_IN_FRAMEWORK_HEADER = YES;
				CLANG_WARN_RANGE_LOOP_ANALYSIS = YES;
				CLANG_WARN_STRICT_PROTOTYPES = YES;
				CLANG_WARN_SUSPICIOUS_MOVE = YES;
				CLANG_WARN_UNREACHABLE_CODE = YES;
				CLANG_WARN__DUPLICATE_METHOD_MATCH = YES;
				CODE_SIGN_IDENTITY = "-";
				COPY_PHASE_STRIP = NO;
				DEBUG_INFORMATION_FORMAT = "dwarf-with-dsym";
				ENABLE_NS_ASSERTIONS = NO;
				ENABLE_STRICT_OBJC_MSGSEND = YES;
				GCC_C_LANGUAGE_STANDARD = gnu99;
				GCC_NO_COMMON_BLOCKS = YES;
				GCC_WARN_64_TO_32_BIT_CONVERSION = YES;
				GCC_WARN_ABOUT_RETURN_TYPE = YES_ERROR;
				GCC_WARN_UNDECLARED_SELECTOR = YES;
				GCC_WARN_UNINITIALIZED_AUTOS = YES_AGGRESSIVE;
				GCC_WARN_UNUSED_FUNCTION = YES;
				GCC_WARN_UNUSED_VARIABLE = YES;
				MACOSX_DEPLOYMENT_TARGET = 10.14;
				MTL_ENABLE_DEBUG_INFO = NO;
				SDKROOT = macosx;
				SWIFT_COMPILATION_MODE = wholemodule;
				SWIFT_OPTIMIZATION_LEVEL = "-O";
			};
			name = Release;
		};
		94E0FC4B1BD7FC3600A3C537 /* Debug */ = {
			isa = XCBuildConfiguration;
			buildSettings = {
				ASSETCATALOG_COMPILER_APPICON_NAME = AppIcon;
				CLANG_ENABLE_MODULES = YES;
				CODE_SIGN_IDENTITY = "Mac Developer";
				CODE_SIGN_STYLE = Automatic;
				COMBINE_HIDPI_IMAGES = YES;
				DEVELOPMENT_TEAM = 93M47F4H9T;
				ENABLE_HARDENED_RUNTIME = YES;
				INFOPLIST_FILE = RsyncOSXsched/Info.plist;
				LD_RUNPATH_SEARCH_PATHS = (
					"$(inherited)",
					"@executable_path/../Frameworks",
				);
				MACOSX_DEPLOYMENT_TARGET = 10.14;
				MARKETING_VERSION = 6.4.2;
				PRODUCT_BUNDLE_IDENTIFIER = no.blogspot.RsyncOSXsched;
				PRODUCT_NAME = "$(TARGET_NAME)";
				PROVISIONING_PROFILE_SPECIFIER = "";
				SWIFT_OBJC_BRIDGING_HEADER = "Model/New Group/RsyncOSXsched-Bridging-Header.h";
				SWIFT_OPTIMIZATION_LEVEL = "-Onone";
				SWIFT_VERSION = 4.2;
			};
			name = Debug;
		};
		94E0FC4C1BD7FC3600A3C537 /* Release */ = {
			isa = XCBuildConfiguration;
			buildSettings = {
				ASSETCATALOG_COMPILER_APPICON_NAME = AppIcon;
				CLANG_ENABLE_MODULES = YES;
				CODE_SIGN_IDENTITY = "Mac Developer";
				CODE_SIGN_STYLE = Automatic;
				COMBINE_HIDPI_IMAGES = YES;
				DEVELOPMENT_TEAM = 93M47F4H9T;
				ENABLE_HARDENED_RUNTIME = YES;
				INFOPLIST_FILE = RsyncOSXsched/Info.plist;
				LD_RUNPATH_SEARCH_PATHS = (
					"$(inherited)",
					"@executable_path/../Frameworks",
				);
				MACOSX_DEPLOYMENT_TARGET = 10.14;
				MARKETING_VERSION = 6.4.2;
				PRODUCT_BUNDLE_IDENTIFIER = no.blogspot.RsyncOSXsched;
				PRODUCT_NAME = "$(TARGET_NAME)";
				PROVISIONING_PROFILE_SPECIFIER = "";
				SWIFT_OBJC_BRIDGING_HEADER = "Model/New Group/RsyncOSXsched-Bridging-Header.h";
				SWIFT_VERSION = 4.2;
			};
			name = Release;
		};
/* End XCBuildConfiguration section */

/* Begin XCConfigurationList section */
		94E0FC361BD7FC3600A3C537 /* Build configuration list for PBXProject "RsyncOSXsched" */ = {
			isa = XCConfigurationList;
			buildConfigurations = (
				94E0FC481BD7FC3600A3C537 /* Debug */,
				94E0FC491BD7FC3600A3C537 /* Release */,
			);
			defaultConfigurationIsVisible = 0;
			defaultConfigurationName = Release;
		};
		94E0FC4A1BD7FC3600A3C537 /* Build configuration list for PBXNativeTarget "RsyncOSXsched" */ = {
			isa = XCConfigurationList;
			buildConfigurations = (
				94E0FC4B1BD7FC3600A3C537 /* Debug */,
				94E0FC4C1BD7FC3600A3C537 /* Release */,
			);
			defaultConfigurationIsVisible = 0;
			defaultConfigurationName = Release;
		};
/* End XCConfigurationList section */

/* Begin XCRemoteSwiftPackageReference section */
		E8DE5C3124D186B500C56FEC /* XCRemoteSwiftPackageReference "Files" */ = {
			isa = XCRemoteSwiftPackageReference;
			repositoryURL = "https://github.com/RsyncOSX/Files";
			requirement = {
				kind = upToNextMajorVersion;
				minimumVersion = 4.1.1;
			};
		};
		E9C2C5B024C2D9B9002E86DA /* XCRemoteSwiftPackageReference "ShellOut" */ = {
			isa = XCRemoteSwiftPackageReference;
			repositoryURL = "https://github.com/rsyncOSX/ShellOut.git";
			requirement = {
				kind = upToNextMajorVersion;
				minimumVersion = 2.3.0;
			};
		};
/* End XCRemoteSwiftPackageReference section */

/* Begin XCSwiftPackageProductDependency section */
		E8DE5C3224D186B500C56FEC /* Files */ = {
			isa = XCSwiftPackageProductDependency;
			package = E8DE5C3124D186B500C56FEC /* XCRemoteSwiftPackageReference "Files" */;
			productName = Files;
		};
		E9C2C5B124C2D9B9002E86DA /* ShellOut */ = {
			isa = XCSwiftPackageProductDependency;
			package = E9C2C5B024C2D9B9002E86DA /* XCRemoteSwiftPackageReference "ShellOut" */;
			productName = ShellOut;
		};
/* End XCSwiftPackageProductDependency section */
	};
	rootObject = 94E0FC331BD7FC3600A3C537 /* Project object */;
}
